// !$*UTF8*$!
{
	archiveVersion = 1;
	classes = {
	};
	objectVersion = 46;
	objects = {

/* Begin PBXBuildFile section */
		220A94251F95146400B5CF60 /* ExerciseHistoryTableView.swift in Sources */ = {isa = PBXBuildFile; fileRef = 220A94241F95146400B5CF60 /* ExerciseHistoryTableView.swift */; };
		223590911F427D1A002BE0BF /* EditExerciseTableView.swift in Sources */ = {isa = PBXBuildFile; fileRef = 223590901F427D1A002BE0BF /* EditExerciseTableView.swift */; };
		224153761F1EE12B00F7B82B /* Workout.swift in Sources */ = {isa = PBXBuildFile; fileRef = 224153751F1EE12B00F7B82B /* Workout.swift */; };
		224153781F1EE1F000F7B82B /* Exercise.swift in Sources */ = {isa = PBXBuildFile; fileRef = 224153771F1EE1F000F7B82B /* Exercise.swift */; };
		224697C61F19843A0089C7CA /* AppDelegate.swift in Sources */ = {isa = PBXBuildFile; fileRef = 224697C51F19843A0089C7CA /* AppDelegate.swift */; };
		224697C81F19843A0089C7CA /* MainViewController.swift in Sources */ = {isa = PBXBuildFile; fileRef = 224697C71F19843A0089C7CA /* MainViewController.swift */; };
		224697CB1F19843A0089C7CA /* Main.storyboard in Resources */ = {isa = PBXBuildFile; fileRef = 224697C91F19843A0089C7CA /* Main.storyboard */; };
		224697CD1F19843A0089C7CA /* Assets.xcassets in Resources */ = {isa = PBXBuildFile; fileRef = 224697CC1F19843A0089C7CA /* Assets.xcassets */; };
		224697D01F19843A0089C7CA /* LaunchScreen.storyboard in Resources */ = {isa = PBXBuildFile; fileRef = 224697CE1F19843A0089C7CA /* LaunchScreen.storyboard */; };
		224697D81F19E8060089C7CA /* PrettyButton.swift in Sources */ = {isa = PBXBuildFile; fileRef = 224697D71F19E8060089C7CA /* PrettyButton.swift */; };
		22533B551F549B1500EE474E /* ProgressionMethod.swift in Sources */ = {isa = PBXBuildFile; fileRef = 22533B541F549B1500EE474E /* ProgressionMethod.swift */; };
		225D26B61F76D6BA00F047D9 /* ToggleablePrettyButton.swift in Sources */ = {isa = PBXBuildFile; fileRef = 225D26B51F76D6BA00F047D9 /* ToggleablePrettyButton.swift */; };
		225E65D21F22A041004B3AF4 /* WorkoutsView.swift in Sources */ = {isa = PBXBuildFile; fileRef = 225E65D11F22A041004B3AF4 /* WorkoutsView.swift */; };
		225E65D41F22A442004B3AF4 /* RLMSupport.swift in Sources */ = {isa = PBXBuildFile; fileRef = 225E65D31F22A442004B3AF4 /* RLMSupport.swift */; };
		22605DB41FAA8C5500FA3DAB /* ExercisesTableView.swift in Sources */ = {isa = PBXBuildFile; fileRef = 22605DB31FAA8C5500FA3DAB /* ExercisesTableView.swift */; };
		22605DB61FAA8CC200FA3DAB /* ExercisesTableViewCell.swift in Sources */ = {isa = PBXBuildFile; fileRef = 22605DB51FAA8CC200FA3DAB /* ExercisesTableViewCell.swift */; };
		2263DF981F8DA60E00592DCB /* TimeInputField.swift in Sources */ = {isa = PBXBuildFile; fileRef = 2263DF971F8DA60E00592DCB /* TimeInputField.swift */; };
		226B119E1F96DB250013139B /* BetterInputView.swift in Sources */ = {isa = PBXBuildFile; fileRef = 226B119D1F96DB250013139B /* BetterInputView.swift */; };
		226B11A11F96E1750013139B /* InputViewProtocol.swift in Sources */ = {isa = PBXBuildFile; fileRef = 226B11A01F96E1750013139B /* InputViewProtocol.swift */; };
		227981421F4D13BE0010DA18 /* ProgressionMethodsTableView.swift in Sources */ = {isa = PBXBuildFile; fileRef = 227981411F4D13BE0010DA18 /* ProgressionMethodsTableView.swift */; };
		227981441F4D13F50010DA18 /* ProgressionMethodTableViewCell.swift in Sources */ = {isa = PBXBuildFile; fileRef = 227981431F4D13F50010DA18 /* ProgressionMethodTableViewCell.swift */; };
		2280A2FD1F9BB80F00F64AF1 /* ExerciseHistoryTableViewCell.swift in Sources */ = {isa = PBXBuildFile; fileRef = 2280A2FC1F9BB80F00F64AF1 /* ExerciseHistoryTableViewCell.swift */; };
		228315CA1F857D23001C9324 /* BetterTextField.swift in Sources */ = {isa = PBXBuildFile; fileRef = 228315C91F857D23001C9324 /* BetterTextField.swift */; };
		228CD0AA1FA6782700463B90 /* ExercisesView.swift in Sources */ = {isa = PBXBuildFile; fileRef = 228CD0A91FA6782700463B90 /* ExercisesView.swift */; };
		229D87021F65FC7400FF05DD /* WorkoutStartTableView.swift in Sources */ = {isa = PBXBuildFile; fileRef = 229D87011F65FC7400FF05DD /* WorkoutStartTableView.swift */; };
		229D87041F65FC8200FF05DD /* WorkoutStartTableViewCell.swift in Sources */ = {isa = PBXBuildFile; fileRef = 229D87031F65FC8200FF05DD /* WorkoutStartTableViewCell.swift */; };
		22A36A2F1F43A1F5000DCDBF /* EditExerciseTableViewCell.swift in Sources */ = {isa = PBXBuildFile; fileRef = 22A36A2E1F43A1F5000DCDBF /* EditExerciseTableViewCell.swift */; };
		22A36A311F4513AD000DCDBF /* LPRTableView.swift in Sources */ = {isa = PBXBuildFile; fileRef = 22A36A301F4513AD000DCDBF /* LPRTableView.swift */; };
		22A36A341F451492000DCDBF /* LICENSE in Resources */ = {isa = PBXBuildFile; fileRef = 22A36A331F451492000DCDBF /* LICENSE */; };
		22AA6D121F21851400624744 /* HeaderView.swift in Sources */ = {isa = PBXBuildFile; fileRef = 22AA6D111F21851400624744 /* HeaderView.swift */; };
		22AA6D141F218AD400624744 /* SectionView.swift in Sources */ = {isa = PBXBuildFile; fileRef = 22AA6D131F218AD400624744 /* SectionView.swift */; };
		22BC5AF41F3E5C2A00B150BD /* CreateWorkoutView.swift in Sources */ = {isa = PBXBuildFile; fileRef = 22BC5AF31F3E5C2A00B150BD /* CreateWorkoutView.swift */; };
		22CAA88C1F4899E600F4F42B /* CreateExerciseView.swift in Sources */ = {isa = PBXBuildFile; fileRef = 22CAA88B1F4899E600F4F42B /* CreateExerciseView.swift */; };
		22E77E061F1B35310076B3DB /* HelperFunctions.swift in Sources */ = {isa = PBXBuildFile; fileRef = 22E77E051F1B35310076B3DB /* HelperFunctions.swift */; };
		22EC7FD11F5E01ED00A1E66B /* WorkoutTableView.swift in Sources */ = {isa = PBXBuildFile; fileRef = 22EC7FD01F5E01ED00A1E66B /* WorkoutTableView.swift */; };
		22EC7FD31F5E01FE00A1E66B /* WorkoutTableViewCell.swift in Sources */ = {isa = PBXBuildFile; fileRef = 22EC7FD21F5E01FE00A1E66B /* WorkoutTableViewCell.swift */; };
		22ECE3941F644E1A0067171A /* WorkoutStartView.swift in Sources */ = {isa = PBXBuildFile; fileRef = 22ECE3931F644E1A0067171A /* WorkoutStartView.swift */; };
		22EDF04E1F35860E0074E2F2 /* SettingsView.swift in Sources */ = {isa = PBXBuildFile; fileRef = 22EDF04D1F35860E0074E2F2 /* SettingsView.swift */; };
		987A120A06EF773208F02445 /* Pods_Lifting_Buddy.framework in Frameworks */ = {isa = PBXBuildFile; fileRef = CA29D0A3A1559E763A7B39DE /* Pods_Lifting_Buddy.framework */; };
/* End PBXBuildFile section */

/* Begin PBXFileReference section */
		07EAE38F8336E92D79D24030 /* Pods-Lifting Buddy.debug.xcconfig */ = {isa = PBXFileReference; includeInIndex = 1; lastKnownFileType = text.xcconfig; name = "Pods-Lifting Buddy.debug.xcconfig"; path = "Pods/Target Support Files/Pods-Lifting Buddy/Pods-Lifting Buddy.debug.xcconfig"; sourceTree = "<group>"; };
		220A94241F95146400B5CF60 /* ExerciseHistoryTableView.swift */ = {isa = PBXFileReference; lastKnownFileType = sourcecode.swift; path = ExerciseHistoryTableView.swift; sourceTree = "<group>"; };
		223590901F427D1A002BE0BF /* EditExerciseTableView.swift */ = {isa = PBXFileReference; fileEncoding = 4; lastKnownFileType = sourcecode.swift; path = EditExerciseTableView.swift; sourceTree = "<group>"; };
		224153751F1EE12B00F7B82B /* Workout.swift */ = {isa = PBXFileReference; fileEncoding = 4; lastKnownFileType = sourcecode.swift; path = Workout.swift; sourceTree = "<group>"; };
		224153771F1EE1F000F7B82B /* Exercise.swift */ = {isa = PBXFileReference; fileEncoding = 4; lastKnownFileType = sourcecode.swift; path = Exercise.swift; sourceTree = "<group>"; };
		224697C21F19843A0089C7CA /* Lifting Buddy.app */ = {isa = PBXFileReference; explicitFileType = wrapper.application; includeInIndex = 0; path = "Lifting Buddy.app"; sourceTree = BUILT_PRODUCTS_DIR; };
		224697C51F19843A0089C7CA /* AppDelegate.swift */ = {isa = PBXFileReference; lastKnownFileType = sourcecode.swift; path = AppDelegate.swift; sourceTree = "<group>"; };
		224697C71F19843A0089C7CA /* MainViewController.swift */ = {isa = PBXFileReference; lastKnownFileType = sourcecode.swift; path = MainViewController.swift; sourceTree = "<group>"; };
		224697CA1F19843A0089C7CA /* Base */ = {isa = PBXFileReference; lastKnownFileType = file.storyboard; name = Base; path = Base.lproj/Main.storyboard; sourceTree = "<group>"; };
		224697CC1F19843A0089C7CA /* Assets.xcassets */ = {isa = PBXFileReference; lastKnownFileType = folder.assetcatalog; path = Assets.xcassets; sourceTree = "<group>"; };
		224697CF1F19843A0089C7CA /* Base */ = {isa = PBXFileReference; lastKnownFileType = file.storyboard; name = Base; path = Base.lproj/LaunchScreen.storyboard; sourceTree = "<group>"; };
		224697D11F19843A0089C7CA /* Info.plist */ = {isa = PBXFileReference; lastKnownFileType = text.plist.xml; path = Info.plist; sourceTree = "<group>"; };
		224697D71F19E8060089C7CA /* PrettyButton.swift */ = {isa = PBXFileReference; fileEncoding = 4; lastKnownFileType = sourcecode.swift; path = PrettyButton.swift; sourceTree = "<group>"; };
		22533B541F549B1500EE474E /* ProgressionMethod.swift */ = {isa = PBXFileReference; fileEncoding = 4; lastKnownFileType = sourcecode.swift; path = ProgressionMethod.swift; sourceTree = "<group>"; };
		225D26B51F76D6BA00F047D9 /* ToggleablePrettyButton.swift */ = {isa = PBXFileReference; lastKnownFileType = sourcecode.swift; path = ToggleablePrettyButton.swift; sourceTree = "<group>"; };
		225E65D11F22A041004B3AF4 /* WorkoutsView.swift */ = {isa = PBXFileReference; fileEncoding = 4; lastKnownFileType = sourcecode.swift; path = WorkoutsView.swift; sourceTree = "<group>"; };
		225E65D31F22A442004B3AF4 /* RLMSupport.swift */ = {isa = PBXFileReference; fileEncoding = 4; lastKnownFileType = sourcecode.swift; path = RLMSupport.swift; sourceTree = "<group>"; };
		22605DB31FAA8C5500FA3DAB /* ExercisesTableView.swift */ = {isa = PBXFileReference; lastKnownFileType = sourcecode.swift; path = ExercisesTableView.swift; sourceTree = "<group>"; };
		22605DB51FAA8CC200FA3DAB /* ExercisesTableViewCell.swift */ = {isa = PBXFileReference; lastKnownFileType = sourcecode.swift; path = ExercisesTableViewCell.swift; sourceTree = "<group>"; };
		2263DF971F8DA60E00592DCB /* TimeInputField.swift */ = {isa = PBXFileReference; lastKnownFileType = sourcecode.swift; path = TimeInputField.swift; sourceTree = "<group>"; };
		226B119D1F96DB250013139B /* BetterInputView.swift */ = {isa = PBXFileReference; lastKnownFileType = sourcecode.swift; path = BetterInputView.swift; sourceTree = "<group>"; };
		226B11A01F96E1750013139B /* InputViewProtocol.swift */ = {isa = PBXFileReference; lastKnownFileType = sourcecode.swift; path = InputViewProtocol.swift; sourceTree = "<group>"; };
		227981411F4D13BE0010DA18 /* ProgressionMethodsTableView.swift */ = {isa = PBXFileReference; fileEncoding = 4; lastKnownFileType = sourcecode.swift; path = ProgressionMethodsTableView.swift; sourceTree = "<group>"; };
		227981431F4D13F50010DA18 /* ProgressionMethodTableViewCell.swift */ = {isa = PBXFileReference; fileEncoding = 4; lastKnownFileType = sourcecode.swift; path = ProgressionMethodTableViewCell.swift; sourceTree = "<group>"; };
		2280A2FC1F9BB80F00F64AF1 /* ExerciseHistoryTableViewCell.swift */ = {isa = PBXFileReference; lastKnownFileType = sourcecode.swift; path = ExerciseHistoryTableViewCell.swift; sourceTree = "<group>"; };
		228315C91F857D23001C9324 /* BetterTextField.swift */ = {isa = PBXFileReference; lastKnownFileType = sourcecode.swift; path = BetterTextField.swift; sourceTree = "<group>"; };
		228CD0A91FA6782700463B90 /* ExercisesView.swift */ = {isa = PBXFileReference; lastKnownFileType = sourcecode.swift; path = ExercisesView.swift; sourceTree = "<group>"; };
		229D87011F65FC7400FF05DD /* WorkoutStartTableView.swift */ = {isa = PBXFileReference; fileEncoding = 4; lastKnownFileType = sourcecode.swift; path = WorkoutStartTableView.swift; sourceTree = "<group>"; };
		229D87031F65FC8200FF05DD /* WorkoutStartTableViewCell.swift */ = {isa = PBXFileReference; fileEncoding = 4; lastKnownFileType = sourcecode.swift; path = WorkoutStartTableViewCell.swift; sourceTree = "<group>"; };
		22A36A2E1F43A1F5000DCDBF /* EditExerciseTableViewCell.swift */ = {isa = PBXFileReference; fileEncoding = 4; lastKnownFileType = sourcecode.swift; path = EditExerciseTableViewCell.swift; sourceTree = "<group>"; };
		22A36A301F4513AD000DCDBF /* LPRTableView.swift */ = {isa = PBXFileReference; fileEncoding = 4; lastKnownFileType = sourcecode.swift; name = LPRTableView.swift; path = "Lifting Buddy/LPRTableView.swift"; sourceTree = "<group>"; };
		22A36A331F451492000DCDBF /* LICENSE */ = {isa = PBXFileReference; fileEncoding = 4; lastKnownFileType = text; path = LICENSE; sourceTree = "<group>"; };
		22AA6D111F21851400624744 /* HeaderView.swift */ = {isa = PBXFileReference; fileEncoding = 4; lastKnownFileType = sourcecode.swift; path = HeaderView.swift; sourceTree = "<group>"; };
		22AA6D131F218AD400624744 /* SectionView.swift */ = {isa = PBXFileReference; fileEncoding = 4; lastKnownFileType = sourcecode.swift; path = SectionView.swift; sourceTree = "<group>"; };
		22BC5AF31F3E5C2A00B150BD /* CreateWorkoutView.swift */ = {isa = PBXFileReference; fileEncoding = 4; lastKnownFileType = sourcecode.swift; path = CreateWorkoutView.swift; sourceTree = "<group>"; };
		22CAA88B1F4899E600F4F42B /* CreateExerciseView.swift */ = {isa = PBXFileReference; fileEncoding = 4; lastKnownFileType = sourcecode.swift; path = CreateExerciseView.swift; sourceTree = "<group>"; };
		22E77E051F1B35310076B3DB /* HelperFunctions.swift */ = {isa = PBXFileReference; fileEncoding = 4; lastKnownFileType = sourcecode.swift; path = HelperFunctions.swift; sourceTree = "<group>"; };
		22EC7FD01F5E01ED00A1E66B /* WorkoutTableView.swift */ = {isa = PBXFileReference; fileEncoding = 4; lastKnownFileType = sourcecode.swift; path = WorkoutTableView.swift; sourceTree = "<group>"; };
		22EC7FD21F5E01FE00A1E66B /* WorkoutTableViewCell.swift */ = {isa = PBXFileReference; fileEncoding = 4; lastKnownFileType = sourcecode.swift; path = WorkoutTableViewCell.swift; sourceTree = "<group>"; };
		22ECE3931F644E1A0067171A /* WorkoutStartView.swift */ = {isa = PBXFileReference; fileEncoding = 4; lastKnownFileType = sourcecode.swift; path = WorkoutStartView.swift; sourceTree = "<group>"; };
		22EDF04D1F35860E0074E2F2 /* SettingsView.swift */ = {isa = PBXFileReference; fileEncoding = 4; lastKnownFileType = sourcecode.swift; path = SettingsView.swift; sourceTree = "<group>"; };
		C522BD41578E9EFDC2DF9433 /* Pods-Lifting Buddy.release.xcconfig */ = {isa = PBXFileReference; includeInIndex = 1; lastKnownFileType = text.xcconfig; name = "Pods-Lifting Buddy.release.xcconfig"; path = "Pods/Target Support Files/Pods-Lifting Buddy/Pods-Lifting Buddy.release.xcconfig"; sourceTree = "<group>"; };
		CA29D0A3A1559E763A7B39DE /* Pods_Lifting_Buddy.framework */ = {isa = PBXFileReference; explicitFileType = wrapper.framework; includeInIndex = 0; path = Pods_Lifting_Buddy.framework; sourceTree = BUILT_PRODUCTS_DIR; };
/* End PBXFileReference section */

/* Begin PBXFrameworksBuildPhase section */
		224697BF1F19843A0089C7CA /* Frameworks */ = {
			isa = PBXFrameworksBuildPhase;
			buildActionMask = 2147483647;
			files = (
				987A120A06EF773208F02445 /* Pods_Lifting_Buddy.framework in Frameworks */,
			);
			runOnlyForDeploymentPostprocessing = 0;
		};
/* End PBXFrameworksBuildPhase section */

/* Begin PBXGroup section */
		224153791F1EE2C500F7B82B /* Workout Classes */ = {
			isa = PBXGroup;
			children = (
				224153751F1EE12B00F7B82B /* Workout.swift */,
				224153771F1EE1F000F7B82B /* Exercise.swift */,
				22533B541F549B1500EE474E /* ProgressionMethod.swift */,
			);
			name = "Workout Classes";
			sourceTree = "<group>";
		};
		224697B91F19843A0089C7CA = {
			isa = PBXGroup;
			children = (
				22A36A321F451479000DCDBF /* Libraries */,
				224697C41F19843A0089C7CA /* Lifting Buddy */,
				224697C31F19843A0089C7CA /* Products */,
				DA15027B3E5B3207682F7681 /* Pods */,
				83E4B382E04A5660340B4E74 /* Frameworks */,
			);
			sourceTree = "<group>";
		};
		224697C31F19843A0089C7CA /* Products */ = {
			isa = PBXGroup;
			children = (
				224697C21F19843A0089C7CA /* Lifting Buddy.app */,
			);
			name = Products;
			sourceTree = "<group>";
		};
		224697C41F19843A0089C7CA /* Lifting Buddy */ = {
			isa = PBXGroup;
			children = (
				22C777BF1F92A53E00901D00 /* New Group */,
				22AA6D0F1F2184A400624744 /* View Controllers */,
				225D44101F510FD700B35D80 /* Custom UITypes */,
				22AA6D0E1F21847F00624744 /* Content Views */,
				224153791F1EE2C500F7B82B /* Workout Classes */,
				22AA6D101F2184BD00624744 /* Miscellaneous */,
				225E65D51F22A446004B3AF4 /* Supporting Files */,
				224697C91F19843A0089C7CA /* Main.storyboard */,
				224697CC1F19843A0089C7CA /* Assets.xcassets */,
				224697CE1F19843A0089C7CA /* LaunchScreen.storyboard */,
				224697D11F19843A0089C7CA /* Info.plist */,
			);
			path = "Lifting Buddy";
			sourceTree = "<group>";
		};
		225D44101F510FD700B35D80 /* Custom UITypes */ = {
			isa = PBXGroup;
			children = (
				22AA6D131F218AD400624744 /* SectionView.swift */,
				22AA6D111F21851400624744 /* HeaderView.swift */,
				224697D71F19E8060089C7CA /* PrettyButton.swift */,
				225D26B51F76D6BA00F047D9 /* ToggleablePrettyButton.swift */,
				226B11A01F96E1750013139B /* InputViewProtocol.swift */,
				228315C91F857D23001C9324 /* BetterTextField.swift */,
				226B119D1F96DB250013139B /* BetterInputView.swift */,
				2263DF971F8DA60E00592DCB /* TimeInputField.swift */,
			);
			name = "Custom UITypes";
			sourceTree = "<group>";
		};
		225E65D51F22A446004B3AF4 /* Supporting Files */ = {
			isa = PBXGroup;
			children = (
				225E65D31F22A442004B3AF4 /* RLMSupport.swift */,
			);
			name = "Supporting Files";
			sourceTree = "<group>";
		};
		228CD0A81FA6780700463B90 /* Exercises Tab */ = {
			isa = PBXGroup;
			children = (
				228CD0A91FA6782700463B90 /* ExercisesView.swift */,
				22605DB31FAA8C5500FA3DAB /* ExercisesTableView.swift */,
				22605DB51FAA8CC200FA3DAB /* ExercisesTableViewCell.swift */,
			);
			name = "Exercises Tab";
			sourceTree = "<group>";
		};
		229D87051F65FC9E00FF05DD /* Start Workout */ = {
			isa = PBXGroup;
			children = (
				22ECE3931F644E1A0067171A /* WorkoutStartView.swift */,
				229D87011F65FC7400FF05DD /* WorkoutStartTableView.swift */,
				229D87031F65FC8200FF05DD /* WorkoutStartTableViewCell.swift */,
				220A94241F95146400B5CF60 /* ExerciseHistoryTableView.swift */,
				2280A2FC1F9BB80F00F64AF1 /* ExerciseHistoryTableViewCell.swift */,
			);
			name = "Start Workout";
			sourceTree = "<group>";
		};
		229D87061F65FCAC00FF05DD /* Workouts Tab */ = {
			isa = PBXGroup;
			children = (
				225E65D11F22A041004B3AF4 /* WorkoutsView.swift */,
				22EC7FD01F5E01ED00A1E66B /* WorkoutTableView.swift */,
				22EC7FD21F5E01FE00A1E66B /* WorkoutTableViewCell.swift */,
				229D87071F65FCB700FF05DD /* Create Workout */,
				229D87051F65FC9E00FF05DD /* Start Workout */,
			);
			name = "Workouts Tab";
			sourceTree = "<group>";
		};
		229D87071F65FCB700FF05DD /* Create Workout */ = {
			isa = PBXGroup;
			children = (
				22BC5AF31F3E5C2A00B150BD /* CreateWorkoutView.swift */,
				22CAA88B1F4899E600F4F42B /* CreateExerciseView.swift */,
				223590901F427D1A002BE0BF /* EditExerciseTableView.swift */,
				22A36A2E1F43A1F5000DCDBF /* EditExerciseTableViewCell.swift */,
				227981411F4D13BE0010DA18 /* ProgressionMethodsTableView.swift */,
				227981431F4D13F50010DA18 /* ProgressionMethodTableViewCell.swift */,
			);
			name = "Create Workout";
			sourceTree = "<group>";
		};
		229D87081F65FD2B00FF05DD /* Settings Tab */ = {
			isa = PBXGroup;
			children = (
				22EDF04D1F35860E0074E2F2 /* SettingsView.swift */,
			);
			name = "Settings Tab";
			sourceTree = "<group>";
		};
		22A36A321F451479000DCDBF /* Libraries */ = {
			isa = PBXGroup;
			children = (
				22A36A301F4513AD000DCDBF /* LPRTableView.swift */,
				22A36A331F451492000DCDBF /* LICENSE */,
			);
			name = Libraries;
			sourceTree = "<group>";
		};
		22AA6D0E1F21847F00624744 /* Content Views */ = {
			isa = PBXGroup;
			children = (
				229D87061F65FCAC00FF05DD /* Workouts Tab */,
				228CD0A81FA6780700463B90 /* Exercises Tab */,
				229D87081F65FD2B00FF05DD /* Settings Tab */,
			);
			name = "Content Views";
			sourceTree = "<group>";
		};
		22AA6D0F1F2184A400624744 /* View Controllers */ = {
			isa = PBXGroup;
			children = (
				224697C71F19843A0089C7CA /* MainViewController.swift */,
			);
			name = "View Controllers";
			sourceTree = "<group>";
		};
		22AA6D101F2184BD00624744 /* Miscellaneous */ = {
			isa = PBXGroup;
			children = (
				224697C51F19843A0089C7CA /* AppDelegate.swift */,
				22E77E051F1B35310076B3DB /* HelperFunctions.swift */,
			);
			name = Miscellaneous;
			sourceTree = "<group>";
		};
		22C777BF1F92A53E00901D00 /* New Group */ = {
			isa = PBXGroup;
			children = (
			);
			name = "New Group";
			sourceTree = "<group>";
		};
		83E4B382E04A5660340B4E74 /* Frameworks */ = {
			isa = PBXGroup;
			children = (
				CA29D0A3A1559E763A7B39DE /* Pods_Lifting_Buddy.framework */,
			);
			name = Frameworks;
			sourceTree = "<group>";
		};
		DA15027B3E5B3207682F7681 /* Pods */ = {
			isa = PBXGroup;
			children = (
				07EAE38F8336E92D79D24030 /* Pods-Lifting Buddy.debug.xcconfig */,
				C522BD41578E9EFDC2DF9433 /* Pods-Lifting Buddy.release.xcconfig */,
			);
			name = Pods;
			sourceTree = "<group>";
		};
/* End PBXGroup section */

/* Begin PBXNativeTarget section */
		224697C11F19843A0089C7CA /* Lifting Buddy */ = {
			isa = PBXNativeTarget;
			buildConfigurationList = 224697D41F19843A0089C7CA /* Build configuration list for PBXNativeTarget "Lifting Buddy" */;
			buildPhases = (
				BDEB6EB96B6F3D7F21B7282D /* [CP] Check Pods Manifest.lock */,
				224697BE1F19843A0089C7CA /* Sources */,
				224697BF1F19843A0089C7CA /* Frameworks */,
				224697C01F19843A0089C7CA /* Resources */,
				82EDE6CD537593C891258292 /* [CP] Embed Pods Frameworks */,
				9F6EF4EFCE3D6ED7CAE8608F /* [CP] Copy Pods Resources */,
			);
			buildRules = (
			);
			dependencies = (
			);
			name = "Lifting Buddy";
			productName = "Lifting Buddy";
			productReference = 224697C21F19843A0089C7CA /* Lifting Buddy.app */;
			productType = "com.apple.product-type.application";
		};
/* End PBXNativeTarget section */

/* Begin PBXProject section */
		224697BA1F19843A0089C7CA /* Project object */ = {
			isa = PBXProject;
			attributes = {
				LastSwiftUpdateCheck = 0830;
				LastUpgradeCheck = 0900;
				ORGANIZATIONNAME = "Christopher Perkins";
				TargetAttributes = {
					224697C11F19843A0089C7CA = {
						CreatedOnToolsVersion = 8.3.3;
						DevelopmentTeam = DB8SUTA9JU;
						LastSwiftMigration = 0900;
						ProvisioningStyle = Automatic;
					};
				};
			};
			buildConfigurationList = 224697BD1F19843A0089C7CA /* Build configuration list for PBXProject "Lifting Buddy" */;
			compatibilityVersion = "Xcode 3.2";
			developmentRegion = English;
			hasScannedForEncodings = 0;
			knownRegions = (
				en,
				Base,
			);
			mainGroup = 224697B91F19843A0089C7CA;
			productRefGroup = 224697C31F19843A0089C7CA /* Products */;
			projectDirPath = "";
			projectRoot = "";
			targets = (
				224697C11F19843A0089C7CA /* Lifting Buddy */,
			);
		};
/* End PBXProject section */

/* Begin PBXResourcesBuildPhase section */
		224697C01F19843A0089C7CA /* Resources */ = {
			isa = PBXResourcesBuildPhase;
			buildActionMask = 2147483647;
			files = (
				224697D01F19843A0089C7CA /* LaunchScreen.storyboard in Resources */,
				224697CD1F19843A0089C7CA /* Assets.xcassets in Resources */,
				22A36A341F451492000DCDBF /* LICENSE in Resources */,
				224697CB1F19843A0089C7CA /* Main.storyboard in Resources */,
			);
			runOnlyForDeploymentPostprocessing = 0;
		};
/* End PBXResourcesBuildPhase section */

/* Begin PBXShellScriptBuildPhase section */
		82EDE6CD537593C891258292 /* [CP] Embed Pods Frameworks */ = {
			isa = PBXShellScriptBuildPhase;
			buildActionMask = 2147483647;
			files = (
			);
			inputPaths = (
				"${SRCROOT}/Pods/Target Support Files/Pods-Lifting Buddy/Pods-Lifting Buddy-frameworks.sh",
				"${BUILT_PRODUCTS_DIR}/IQKeyboardManagerSwift/IQKeyboardManagerSwift.framework",
				"${BUILT_PRODUCTS_DIR}/Realm/Realm.framework",
				"${BUILT_PRODUCTS_DIR}/RealmSwift/RealmSwift.framework",
				"${BUILT_PRODUCTS_DIR}/SwiftCharts/SwiftCharts.framework",
			);
			name = "[CP] Embed Pods Frameworks";
			outputPaths = (
				"${TARGET_BUILD_DIR}/${FRAMEWORKS_FOLDER_PATH}/IQKeyboardManagerSwift.framework",
				"${TARGET_BUILD_DIR}/${FRAMEWORKS_FOLDER_PATH}/Realm.framework",
				"${TARGET_BUILD_DIR}/${FRAMEWORKS_FOLDER_PATH}/RealmSwift.framework",
				"${TARGET_BUILD_DIR}/${FRAMEWORKS_FOLDER_PATH}/SwiftCharts.framework",
			);
			runOnlyForDeploymentPostprocessing = 0;
			shellPath = /bin/sh;
			shellScript = "\"${SRCROOT}/Pods/Target Support Files/Pods-Lifting Buddy/Pods-Lifting Buddy-frameworks.sh\"\n";
			showEnvVarsInLog = 0;
		};
		9F6EF4EFCE3D6ED7CAE8608F /* [CP] Copy Pods Resources */ = {
			isa = PBXShellScriptBuildPhase;
			buildActionMask = 2147483647;
			files = (
			);
			inputPaths = (
			);
			name = "[CP] Copy Pods Resources";
			outputPaths = (
			);
			runOnlyForDeploymentPostprocessing = 0;
			shellPath = /bin/sh;
			shellScript = "\"${SRCROOT}/Pods/Target Support Files/Pods-Lifting Buddy/Pods-Lifting Buddy-resources.sh\"\n";
			showEnvVarsInLog = 0;
		};
		BDEB6EB96B6F3D7F21B7282D /* [CP] Check Pods Manifest.lock */ = {
			isa = PBXShellScriptBuildPhase;
			buildActionMask = 2147483647;
			files = (
			);
			inputPaths = (
				"${PODS_PODFILE_DIR_PATH}/Podfile.lock",
				"${PODS_ROOT}/Manifest.lock",
			);
			name = "[CP] Check Pods Manifest.lock";
			outputPaths = (
				"$(DERIVED_FILE_DIR)/Pods-Lifting Buddy-checkManifestLockResult.txt",
			);
			runOnlyForDeploymentPostprocessing = 0;
			shellPath = /bin/sh;
			shellScript = "diff \"${PODS_PODFILE_DIR_PATH}/Podfile.lock\" \"${PODS_ROOT}/Manifest.lock\" > /dev/null\nif [ $? != 0 ] ; then\n    # print error to STDERR\n    echo \"error: The sandbox is not in sync with the Podfile.lock. Run 'pod install' or update your CocoaPods installation.\" >&2\n    exit 1\nfi\n# This output is used by Xcode 'outputs' to avoid re-running this script phase.\necho \"SUCCESS\" > \"${SCRIPT_OUTPUT_FILE_0}\"\n";
			showEnvVarsInLog = 0;
		};
/* End PBXShellScriptBuildPhase section */

/* Begin PBXSourcesBuildPhase section */
		224697BE1F19843A0089C7CA /* Sources */ = {
			isa = PBXSourcesBuildPhase;
			buildActionMask = 2147483647;
			files = (
				22E77E061F1B35310076B3DB /* HelperFunctions.swift in Sources */,
				227981421F4D13BE0010DA18 /* ProgressionMethodsTableView.swift in Sources */,
				22ECE3941F644E1A0067171A /* WorkoutStartView.swift in Sources */,
				22EC7FD11F5E01ED00A1E66B /* WorkoutTableView.swift in Sources */,
				2280A2FD1F9BB80F00F64AF1 /* ExerciseHistoryTableViewCell.swift in Sources */,
				224697C81F19843A0089C7CA /* MainViewController.swift in Sources */,
				22CAA88C1F4899E600F4F42B /* CreateExerciseView.swift in Sources */,
				229D87021F65FC7400FF05DD /* WorkoutStartTableView.swift in Sources */,
				226B119E1F96DB250013139B /* BetterInputView.swift in Sources */,
				224697D81F19E8060089C7CA /* PrettyButton.swift in Sources */,
				22605DB41FAA8C5500FA3DAB /* ExercisesTableView.swift in Sources */,
				224153761F1EE12B00F7B82B /* Workout.swift in Sources */,
				227981441F4D13F50010DA18 /* ProgressionMethodTableViewCell.swift in Sources */,
				225E65D21F22A041004B3AF4 /* WorkoutsView.swift in Sources */,
				22A36A2F1F43A1F5000DCDBF /* EditExerciseTableViewCell.swift in Sources */,
				22AA6D141F218AD400624744 /* SectionView.swift in Sources */,
				228315CA1F857D23001C9324 /* BetterTextField.swift in Sources */,
				22605DB61FAA8CC200FA3DAB /* ExercisesTableViewCell.swift in Sources */,
				224697C61F19843A0089C7CA /* AppDelegate.swift in Sources */,
				225E65D41F22A442004B3AF4 /* RLMSupport.swift in Sources */,
				220A94251F95146400B5CF60 /* ExerciseHistoryTableView.swift in Sources */,
				223590911F427D1A002BE0BF /* EditExerciseTableView.swift in Sources */,
				228CD0AA1FA6782700463B90 /* ExercisesView.swift in Sources */,
				22EC7FD31F5E01FE00A1E66B /* WorkoutTableViewCell.swift in Sources */,
				22EDF04E1F35860E0074E2F2 /* SettingsView.swift in Sources */,
				224153781F1EE1F000F7B82B /* Exercise.swift in Sources */,
				22BC5AF41F3E5C2A00B150BD /* CreateWorkoutView.swift in Sources */,
				22A36A311F4513AD000DCDBF /* LPRTableView.swift in Sources */,
				22533B551F549B1500EE474E /* ProgressionMethod.swift in Sources */,
				2263DF981F8DA60E00592DCB /* TimeInputField.swift in Sources */,
				229D87041F65FC8200FF05DD /* WorkoutStartTableViewCell.swift in Sources */,
				22AA6D121F21851400624744 /* HeaderView.swift in Sources */,
				225D26B61F76D6BA00F047D9 /* ToggleablePrettyButton.swift in Sources */,
				226B11A11F96E1750013139B /* InputViewProtocol.swift in Sources */,
			);
			runOnlyForDeploymentPostprocessing = 0;
		};
/* End PBXSourcesBuildPhase section */

/* Begin PBXVariantGroup section */
		224697C91F19843A0089C7CA /* Main.storyboard */ = {
			isa = PBXVariantGroup;
			children = (
				224697CA1F19843A0089C7CA /* Base */,
			);
			name = Main.storyboard;
			sourceTree = "<group>";
		};
		224697CE1F19843A0089C7CA /* LaunchScreen.storyboard */ = {
			isa = PBXVariantGroup;
			children = (
				224697CF1F19843A0089C7CA /* Base */,
			);
			name = LaunchScreen.storyboard;
			sourceTree = "<group>";
		};
/* End PBXVariantGroup section */

/* Begin XCBuildConfiguration section */
		224697D21F19843A0089C7CA /* Debug */ = {
			isa = XCBuildConfiguration;
			buildSettings = {
				ALWAYS_SEARCH_USER_PATHS = NO;
				CLANG_ANALYZER_NONNULL = YES;
				CLANG_ANALYZER_NUMBER_OBJECT_CONVERSION = YES_AGGRESSIVE;
				CLANG_CXX_LANGUAGE_STANDARD = "gnu++0x";
				CLANG_CXX_LIBRARY = "libc++";
				CLANG_ENABLE_MODULES = YES;
				CLANG_ENABLE_OBJC_ARC = YES;
				CLANG_WARN_BLOCK_CAPTURE_AUTORELEASING = YES;
				CLANG_WARN_BOOL_CONVERSION = YES;
				CLANG_WARN_COMMA = YES;
				CLANG_WARN_CONSTANT_CONVERSION = YES;
				CLANG_WARN_DIRECT_OBJC_ISA_USAGE = YES_ERROR;
				CLANG_WARN_DOCUMENTATION_COMMENTS = YES;
				CLANG_WARN_EMPTY_BODY = YES;
				CLANG_WARN_ENUM_CONVERSION = YES;
				CLANG_WARN_INFINITE_RECURSION = YES;
				CLANG_WARN_INT_CONVERSION = YES;
				CLANG_WARN_NON_LITERAL_NULL_CONVERSION = YES;
				CLANG_WARN_OBJC_LITERAL_CONVERSION = YES;
				CLANG_WARN_OBJC_ROOT_CLASS = YES_ERROR;
				CLANG_WARN_RANGE_LOOP_ANALYSIS = YES;
				CLANG_WARN_STRICT_PROTOTYPES = YES;
				CLANG_WARN_SUSPICIOUS_MOVE = YES;
				CLANG_WARN_UNREACHABLE_CODE = YES;
				CLANG_WARN__DUPLICATE_METHOD_MATCH = YES;
				"CODE_SIGN_IDENTITY[sdk=iphoneos*]" = "iPhone Developer";
				COPY_PHASE_STRIP = NO;
				DEBUG_INFORMATION_FORMAT = dwarf;
				ENABLE_STRICT_OBJC_MSGSEND = YES;
				ENABLE_TESTABILITY = YES;
				GCC_C_LANGUAGE_STANDARD = gnu99;
				GCC_DYNAMIC_NO_PIC = NO;
				GCC_NO_COMMON_BLOCKS = YES;
				GCC_OPTIMIZATION_LEVEL = 0;
				GCC_PREPROCESSOR_DEFINITIONS = (
					"DEBUG=1",
					"$(inherited)",
				);
				GCC_WARN_64_TO_32_BIT_CONVERSION = YES;
				GCC_WARN_ABOUT_RETURN_TYPE = YES_ERROR;
				GCC_WARN_UNDECLARED_SELECTOR = YES;
				GCC_WARN_UNINITIALIZED_AUTOS = YES_AGGRESSIVE;
				GCC_WARN_UNUSED_FUNCTION = YES;
				GCC_WARN_UNUSED_VARIABLE = YES;
				IPHONEOS_DEPLOYMENT_TARGET = 10.3;
				MTL_ENABLE_DEBUG_INFO = YES;
				ONLY_ACTIVE_ARCH = YES;
				SDKROOT = iphoneos;
				SWIFT_ACTIVE_COMPILATION_CONDITIONS = DEBUG;
				SWIFT_OPTIMIZATION_LEVEL = "-Onone";
			};
			name = Debug;
		};
		224697D31F19843A0089C7CA /* Release */ = {
			isa = XCBuildConfiguration;
			buildSettings = {
				ALWAYS_SEARCH_USER_PATHS = NO;
				CLANG_ANALYZER_NONNULL = YES;
				CLANG_ANALYZER_NUMBER_OBJECT_CONVERSION = YES_AGGRESSIVE;
				CLANG_CXX_LANGUAGE_STANDARD = "gnu++0x";
				CLANG_CXX_LIBRARY = "libc++";
				CLANG_ENABLE_MODULES = YES;
				CLANG_ENABLE_OBJC_ARC = YES;
				CLANG_WARN_BLOCK_CAPTURE_AUTORELEASING = YES;
				CLANG_WARN_BOOL_CONVERSION = YES;
				CLANG_WARN_COMMA = YES;
				CLANG_WARN_CONSTANT_CONVERSION = YES;
				CLANG_WARN_DIRECT_OBJC_ISA_USAGE = YES_ERROR;
				CLANG_WARN_DOCUMENTATION_COMMENTS = YES;
				CLANG_WARN_EMPTY_BODY = YES;
				CLANG_WARN_ENUM_CONVERSION = YES;
				CLANG_WARN_INFINITE_RECURSION = YES;
				CLANG_WARN_INT_CONVERSION = YES;
				CLANG_WARN_NON_LITERAL_NULL_CONVERSION = YES;
				CLANG_WARN_OBJC_LITERAL_CONVERSION = YES;
				CLANG_WARN_OBJC_ROOT_CLASS = YES_ERROR;
				CLANG_WARN_RANGE_LOOP_ANALYSIS = YES;
				CLANG_WARN_STRICT_PROTOTYPES = YES;
				CLANG_WARN_SUSPICIOUS_MOVE = YES;
				CLANG_WARN_UNREACHABLE_CODE = YES;
				CLANG_WARN__DUPLICATE_METHOD_MATCH = YES;
				"CODE_SIGN_IDENTITY[sdk=iphoneos*]" = "iPhone Developer";
				COPY_PHASE_STRIP = NO;
				DEBUG_INFORMATION_FORMAT = "dwarf-with-dsym";
				ENABLE_NS_ASSERTIONS = NO;
				ENABLE_STRICT_OBJC_MSGSEND = YES;
				GCC_C_LANGUAGE_STANDARD = gnu99;
				GCC_NO_COMMON_BLOCKS = YES;
				GCC_WARN_64_TO_32_BIT_CONVERSION = YES;
				GCC_WARN_ABOUT_RETURN_TYPE = YES_ERROR;
				GCC_WARN_UNDECLARED_SELECTOR = YES;
				GCC_WARN_UNINITIALIZED_AUTOS = YES_AGGRESSIVE;
				GCC_WARN_UNUSED_FUNCTION = YES;
				GCC_WARN_UNUSED_VARIABLE = YES;
				IPHONEOS_DEPLOYMENT_TARGET = 10.3;
				MTL_ENABLE_DEBUG_INFO = NO;
				SDKROOT = iphoneos;
				SWIFT_OPTIMIZATION_LEVEL = "-Owholemodule";
				VALIDATE_PRODUCT = YES;
			};
			name = Release;
		};
		224697D51F19843A0089C7CA /* Debug */ = {
			isa = XCBuildConfiguration;
			baseConfigurationReference = 07EAE38F8336E92D79D24030 /* Pods-Lifting Buddy.debug.xcconfig */;
			buildSettings = {
				ASSETCATALOG_COMPILER_APPICON_NAME = AppIcon;
				DEVELOPMENT_TEAM = DB8SUTA9JU;
				INFOPLIST_FILE = "Lifting Buddy/Info.plist";
				LD_RUNPATH_SEARCH_PATHS = "$(inherited) @executable_path/Frameworks";
				PRODUCT_BUNDLE_IDENTIFIER = "com.ChrisPerkins.Lifting-Buddy";
				PRODUCT_NAME = "$(TARGET_NAME)";
				SWIFT_SWIFT3_OBJC_INFERENCE = On;
				SWIFT_VERSION = 4.0;
			};
			name = Debug;
		};
		224697D61F19843A0089C7CA /* Release */ = {
			isa = XCBuildConfiguration;
			baseConfigurationReference = C522BD41578E9EFDC2DF9433 /* Pods-Lifting Buddy.release.xcconfig */;
			buildSettings = {
				ASSETCATALOG_COMPILER_APPICON_NAME = AppIcon;
				DEVELOPMENT_TEAM = DB8SUTA9JU;
				INFOPLIST_FILE = "Lifting Buddy/Info.plist";
				LD_RUNPATH_SEARCH_PATHS = "$(inherited) @executable_path/Frameworks";
				PRODUCT_BUNDLE_IDENTIFIER = "com.ChrisPerkins.Lifting-Buddy";
				PRODUCT_NAME = "$(TARGET_NAME)";
				SWIFT_SWIFT3_OBJC_INFERENCE = On;
				SWIFT_VERSION = 4.0;
			};
			name = Release;
		};
/* End XCBuildConfiguration section */

/* Begin XCConfigurationList section */
		224697BD1F19843A0089C7CA /* Build configuration list for PBXProject "Lifting Buddy" */ = {
			isa = XCConfigurationList;
			buildConfigurations = (
				224697D21F19843A0089C7CA /* Debug */,
				224697D31F19843A0089C7CA /* Release */,
			);
			defaultConfigurationIsVisible = 0;
			defaultConfigurationName = Release;
		};
		224697D41F19843A0089C7CA /* Build configuration list for PBXNativeTarget "Lifting Buddy" */ = {
			isa = XCConfigurationList;
			buildConfigurations = (
				224697D51F19843A0089C7CA /* Debug */,
				224697D61F19843A0089C7CA /* Release */,
			);
			defaultConfigurationIsVisible = 0;
			defaultConfigurationName = Release;
		};
/* End XCConfigurationList section */
	};
	rootObject = 224697BA1F19843A0089C7CA /* Project object */;
}
