// !$*UTF8*$!
{
	archiveVersion = 1;
	classes = {
	};
	objectVersion = 46;
	objects = {

/* Begin PBXBuildFile section */
		2205A1CE2290535E00575BE3 /* ThemeHost.swift in Sources */ = {isa = PBXBuildFile; fileRef = 2205A1CD2290535E00575BE3 /* ThemeHost.swift */; };
		2205A1D02290558F00575BE3 /* ThemeColorableView.swift in Sources */ = {isa = PBXBuildFile; fileRef = 2205A1CF2290558F00575BE3 /* ThemeColorableView.swift */; };
		2205A1D22290580400575BE3 /* WeakContainer.swift in Sources */ = {isa = PBXBuildFile; fileRef = 2205A1D12290580400575BE3 /* WeakContainer.swift */; };
		220A79C92028F12F000B4EA7 /* Message.swift in Sources */ = {isa = PBXBuildFile; fileRef = 220A79C82028F12F000B4EA7 /* Message.swift */; };
		220A79CC20291E0D000B4EA7 /* MessageView.swift in Sources */ = {isa = PBXBuildFile; fileRef = 220A79CB20291E0D000B4EA7 /* MessageView.swift */; };
		220A94251F95146400B5CF60 /* ExerciseHistoryTableView.swift in Sources */ = {isa = PBXBuildFile; fileRef = 220A94241F95146400B5CF60 /* ExerciseHistoryTableView.swift */; };
		221BD44A20E069C100D9EE71 /* InitialViewController.swift in Sources */ = {isa = PBXBuildFile; fileRef = 221BD44920E069C100D9EE71 /* InitialViewController.swift */; };
		222AAA69202BD072006B58F4 /* MessageDisplayerProtocol.swift in Sources */ = {isa = PBXBuildFile; fileRef = 222AAA68202BD072006B58F4 /* MessageDisplayerProtocol.swift */; };
		223590911F427D1A002BE0BF /* EditExerciseTableView.swift in Sources */ = {isa = PBXBuildFile; fileRef = 223590901F427D1A002BE0BF /* EditExerciseTableView.swift */; };
		224153761F1EE12B00F7B82B /* Workout.swift in Sources */ = {isa = PBXBuildFile; fileRef = 224153751F1EE12B00F7B82B /* Workout.swift */; };
		224153781F1EE1F000F7B82B /* Exercise.swift in Sources */ = {isa = PBXBuildFile; fileRef = 224153771F1EE1F000F7B82B /* Exercise.swift */; };
		224697C61F19843A0089C7CA /* AppDelegate.swift in Sources */ = {isa = PBXBuildFile; fileRef = 224697C51F19843A0089C7CA /* AppDelegate.swift */; };
		224697C81F19843A0089C7CA /* MainViewController.swift in Sources */ = {isa = PBXBuildFile; fileRef = 224697C71F19843A0089C7CA /* MainViewController.swift */; };
		224697CB1F19843A0089C7CA /* Main.storyboard in Resources */ = {isa = PBXBuildFile; fileRef = 224697C91F19843A0089C7CA /* Main.storyboard */; };
		224697CD1F19843A0089C7CA /* Assets.xcassets in Resources */ = {isa = PBXBuildFile; fileRef = 224697CC1F19843A0089C7CA /* Assets.xcassets */; };
		224697D01F19843A0089C7CA /* LaunchScreen.storyboard in Resources */ = {isa = PBXBuildFile; fileRef = 224697CE1F19843A0089C7CA /* LaunchScreen.storyboard */; };
		224697D81F19E8060089C7CA /* PrettyButton.swift in Sources */ = {isa = PBXBuildFile; fileRef = 224697D71F19E8060089C7CA /* PrettyButton.swift */; };
		2250CAE01FC2632C00B21C4A /* WorkoutSessionSummaryScreen.swift in Sources */ = {isa = PBXBuildFile; fileRef = 2250CADF1FC2632C00B21C4A /* WorkoutSessionSummaryScreen.swift */; };
		22533B551F549B1500EE474E /* ProgressionMethod.swift in Sources */ = {isa = PBXBuildFile; fileRef = 22533B541F549B1500EE474E /* ProgressionMethod.swift */; };
		2255BBA52005911000B051B0 /* SettingsContentView.swift in Sources */ = {isa = PBXBuildFile; fileRef = 2255BBA42005911000B051B0 /* SettingsContentView.swift */; };
		22578F91201D939C00D9E38C /* UITableViewScrollDelegate.swift in Sources */ = {isa = PBXBuildFile; fileRef = 22578F90201D939C00D9E38C /* UITableViewScrollDelegate.swift */; };
		225D26B61F76D6BA00F047D9 /* ToggleablePrettyButton.swift in Sources */ = {isa = PBXBuildFile; fileRef = 225D26B51F76D6BA00F047D9 /* ToggleablePrettyButton.swift */; };
		225E65D21F22A041004B3AF4 /* WorkoutsView.swift in Sources */ = {isa = PBXBuildFile; fileRef = 225E65D11F22A041004B3AF4 /* WorkoutsView.swift */; };
		225E65D41F22A442004B3AF4 /* RLMSupport.swift in Sources */ = {isa = PBXBuildFile; fileRef = 225E65D31F22A442004B3AF4 /* RLMSupport.swift */; };
		22605DB41FAA8C5500FA3DAB /* ExercisesTableView.swift in Sources */ = {isa = PBXBuildFile; fileRef = 22605DB31FAA8C5500FA3DAB /* ExercisesTableView.swift */; };
		22605DB61FAA8CC200FA3DAB /* ExercisesTableViewCell.swift in Sources */ = {isa = PBXBuildFile; fileRef = 22605DB51FAA8CC200FA3DAB /* ExercisesTableViewCell.swift */; };
		2263DF981F8DA60E00592DCB /* TimeInputField.swift in Sources */ = {isa = PBXBuildFile; fileRef = 2263DF971F8DA60E00592DCB /* TimeInputField.swift */; };
		2267D4CA228DFC6B004165A7 /* LBNavigationController.swift in Sources */ = {isa = PBXBuildFile; fileRef = 2267D4C9228DFC6B004165A7 /* LBNavigationController.swift */; };
		2267D4CC228DFD88004165A7 /* UIColorLBThemeExtension.swift in Sources */ = {isa = PBXBuildFile; fileRef = 2267D4CB228DFD88004165A7 /* UIColorLBThemeExtension.swift */; };
		2267D4CE228E001D004165A7 /* ThemeColorProvider.swift in Sources */ = {isa = PBXBuildFile; fileRef = 2267D4CD228E001D004165A7 /* ThemeColorProvider.swift */; };
		2267D4D0228E00A7004165A7 /* ThemeColorVariant.swift in Sources */ = {isa = PBXBuildFile; fileRef = 2267D4CF228E00A7004165A7 /* ThemeColorVariant.swift */; };
		226B119E1F96DB250013139B /* BetterInputView.swift in Sources */ = {isa = PBXBuildFile; fileRef = 226B119D1F96DB250013139B /* BetterInputView.swift */; };
		226B11A11F96E1750013139B /* InputViewProtocol.swift in Sources */ = {isa = PBXBuildFile; fileRef = 226B11A01F96E1750013139B /* InputViewProtocol.swift */; };
		2278818D1FC6443000EBFA7E /* PrettySegmentedControl.swift in Sources */ = {isa = PBXBuildFile; fileRef = 2278818C1FC6443000EBFA7E /* PrettySegmentedControl.swift */; };
		2278818F1FC6627500EBFA7E /* ExerciseChartViewWithToggles.swift in Sources */ = {isa = PBXBuildFile; fileRef = 2278818E1FC6627500EBFA7E /* ExerciseChartViewWithToggles.swift */; };
		227981421F4D13BE0010DA18 /* ProgressionMethodsTableView.swift in Sources */ = {isa = PBXBuildFile; fileRef = 227981411F4D13BE0010DA18 /* ProgressionMethodsTableView.swift */; };
		227981441F4D13F50010DA18 /* ProgressionMethodTableViewCell.swift in Sources */ = {isa = PBXBuildFile; fileRef = 227981431F4D13F50010DA18 /* ProgressionMethodTableViewCell.swift */; };
		2280A2FD1F9BB80F00F64AF1 /* ExerciseHistoryTableViewCell.swift in Sources */ = {isa = PBXBuildFile; fileRef = 2280A2FC1F9BB80F00F64AF1 /* ExerciseHistoryTableViewCell.swift */; };
		228315CA1F857D23001C9324 /* BetterTextField.swift in Sources */ = {isa = PBXBuildFile; fileRef = 228315C91F857D23001C9324 /* BetterTextField.swift */; };
		2289D4451FAF9B7700A2DF9D /* ExerciseChartCreator.swift in Sources */ = {isa = PBXBuildFile; fileRef = 2289D4441FAF9B7700A2DF9D /* ExerciseChartCreator.swift */; };
		228CBBDD202E704000884FE6 /* MessageQueue.swift in Sources */ = {isa = PBXBuildFile; fileRef = 228CBBDC202E704000884FE6 /* MessageQueue.swift */; };
		228CD0AA1FA6782700463B90 /* ExercisesView.swift in Sources */ = {isa = PBXBuildFile; fileRef = 228CD0A91FA6782700463B90 /* ExercisesView.swift */; };
		229A9DCB201D52B600FACBA0 /* SetTableViewCellDelegate.swift in Sources */ = {isa = PBXBuildFile; fileRef = 229A9DCA201D52B600FACBA0 /* SetTableViewCellDelegate.swift */; };
		229A9DCD201D546E00FACBA0 /* SetTableViewDelegate.swift in Sources */ = {isa = PBXBuildFile; fileRef = 229A9DCC201D546E00FACBA0 /* SetTableViewDelegate.swift */; };
		229A9DCF201D5C1200FACBA0 /* Notifications.swift in Sources */ = {isa = PBXBuildFile; fileRef = 229A9DCE201D5C1200FACBA0 /* Notifications.swift */; };
		229D87021F65FC7400FF05DD /* WorkoutSessionTableView.swift in Sources */ = {isa = PBXBuildFile; fileRef = 229D87011F65FC7400FF05DD /* WorkoutSessionTableView.swift */; };
		229D87041F65FC8200FF05DD /* WorkoutSessionTableViewCell.swift in Sources */ = {isa = PBXBuildFile; fileRef = 229D87031F65FC8200FF05DD /* WorkoutSessionTableViewCell.swift */; };
		22A36A2F1F43A1F5000DCDBF /* EditExerciseTableViewCell.swift in Sources */ = {isa = PBXBuildFile; fileRef = 22A36A2E1F43A1F5000DCDBF /* EditExerciseTableViewCell.swift */; };
		22A3F3EB1FACCC8E00BEAB97 /* TableViewOverlayProtocol.swift in Sources */ = {isa = PBXBuildFile; fileRef = 22A3F3EA1FACCC8E00BEAB97 /* TableViewOverlayProtocol.swift */; };
		22AA6D121F21851400624744 /* HeaderView.swift in Sources */ = {isa = PBXBuildFile; fileRef = 22AA6D111F21851400624744 /* HeaderView.swift */; };
		22AA6D141F218AD400624744 /* SectionView.swift in Sources */ = {isa = PBXBuildFile; fileRef = 22AA6D131F218AD400624744 /* SectionView.swift */; };
		22AD725E1FF2A00F008B35EE /* ExerciseHistoryView.swift in Sources */ = {isa = PBXBuildFile; fileRef = 22AD725D1FF2A00F008B35EE /* ExerciseHistoryView.swift */; };
		22B944C42019590700585D65 /* SetTableView.swift in Sources */ = {isa = PBXBuildFile; fileRef = 22B944C32019590700585D65 /* SetTableView.swift */; };
		22B944C62019591300585D65 /* SetTableViewCell.swift in Sources */ = {isa = PBXBuildFile; fileRef = 22B944C52019591300585D65 /* SetTableViewCell.swift */; };
		22BC5AF41F3E5C2A00B150BD /* CreateWorkoutView.swift in Sources */ = {isa = PBXBuildFile; fileRef = 22BC5AF31F3E5C2A00B150BD /* CreateWorkoutView.swift */; };
		22C3D5A32000578C00C15276 /* SettingsViewController.swift in Sources */ = {isa = PBXBuildFile; fileRef = 22C3D5A22000578C00C15276 /* SettingsViewController.swift */; };
		22C3D5A620005C8400C15276 /* TopDownSegue.swift in Sources */ = {isa = PBXBuildFile; fileRef = 22C3D5A520005C8400C15276 /* TopDownSegue.swift */; };
		22CAA88C1F4899E600F4F42B /* CreateExerciseView.swift in Sources */ = {isa = PBXBuildFile; fileRef = 22CAA88B1F4899E600F4F42B /* CreateExerciseView.swift */; };
		22CDEFF41FC5EA8D000CB8C0 /* WorkoutSessionSummaryTableView.swift in Sources */ = {isa = PBXBuildFile; fileRef = 22CDEFF31FC5EA8D000CB8C0 /* WorkoutSessionSummaryTableView.swift */; };
		22CDEFF61FC5EA9B000CB8C0 /* WorkoutSessionSummaryTableViewCell.swift in Sources */ = {isa = PBXBuildFile; fileRef = 22CDEFF51FC5EA9B000CB8C0 /* WorkoutSessionSummaryTableViewCell.swift */; };
		22DA60631FB56523009013D7 /* ShowViewProtocol.swift in Sources */ = {isa = PBXBuildFile; fileRef = 22DA60621FB56523009013D7 /* ShowViewProtocol.swift */; };
		22E77E061F1B35310076B3DB /* HelperFunctions.swift in Sources */ = {isa = PBXBuildFile; fileRef = 22E77E051F1B35310076B3DB /* HelperFunctions.swift */; };
		22EC7FD11F5E01ED00A1E66B /* WorkoutTableView.swift in Sources */ = {isa = PBXBuildFile; fileRef = 22EC7FD01F5E01ED00A1E66B /* WorkoutTableView.swift */; };
		22EC7FD31F5E01FE00A1E66B /* WorkoutTableViewCell.swift in Sources */ = {isa = PBXBuildFile; fileRef = 22EC7FD21F5E01FE00A1E66B /* WorkoutTableViewCell.swift */; };
		22ECE3941F644E1A0067171A /* WorkoutSessionView.swift in Sources */ = {isa = PBXBuildFile; fileRef = 22ECE3931F644E1A0067171A /* WorkoutSessionView.swift */; };
		22F030141FF01B7500C5E376 /* LabelWithPrettyButtonView.swift in Sources */ = {isa = PBXBuildFile; fileRef = 22F030131FF01B7500C5E376 /* LabelWithPrettyButtonView.swift */; };
		22F551242290795600CDFC68 /* LICENSE in Resources */ = {isa = PBXBuildFile; fileRef = 22F5511E2290795600CDFC68 /* LICENSE */; };
		22F551252290795600CDFC68 /* README.md in Resources */ = {isa = PBXBuildFile; fileRef = 22F551202290795600CDFC68 /* README.md */; };
		22F551262290795600CDFC68 /* .gitignore in Resources */ = {isa = PBXBuildFile; fileRef = 22F551212290795600CDFC68 /* .gitignore */; };
		22F551272290795600CDFC68 /* HPReorderTableView.m in Sources */ = {isa = PBXBuildFile; fileRef = 22F551222290795600CDFC68 /* HPReorderTableView.m */; };
		22F551282290795600CDFC68 /* .travis.yml in Resources */ = {isa = PBXBuildFile; fileRef = 22F551232290795600CDFC68 /* .travis.yml */; };
		22FAD5051FF406E200C42811 /* SessionInfo.swift in Sources */ = {isa = PBXBuildFile; fileRef = 22FAD5041FF406E200C42811 /* SessionInfo.swift */; };
		22FD260120085444000D1B4C /* Localizable.strings in Resources */ = {isa = PBXBuildFile; fileRef = 22FD260020085444000D1B4C /* Localizable.strings */; };
		22FD538F1FF1BEE800FB069E /* ExerciseDisplayerProtocol.swift in Sources */ = {isa = PBXBuildFile; fileRef = 22FD538E1FF1BEE800FB069E /* ExerciseDisplayerProtocol.swift */; };
		22FD53911FF1BF2500FB069E /* WorkoutSessionStarterProtocol.swift in Sources */ = {isa = PBXBuildFile; fileRef = 22FD53901FF1BF2500FB069E /* WorkoutSessionStarterProtocol.swift */; };
		22FD53931FF1C07100FB069E /* PrettySegmentedControlDelegateProtocol.swift in Sources */ = {isa = PBXBuildFile; fileRef = 22FD53921FF1C07100FB069E /* PrettySegmentedControlDelegateProtocol.swift */; };
		22FD53951FF1C0D900FB069E /* WorkoutSessionTableViewDelegateProtocol.swift in Sources */ = {isa = PBXBuildFile; fileRef = 22FD53941FF1C0D900FB069E /* WorkoutSessionTableViewDelegateProtocol.swift */; };
		22FD53971FF1C19F00FB069E /* CellDeletionDelegateProtocol.swift in Sources */ = {isa = PBXBuildFile; fileRef = 22FD53961FF1C19F00FB069E /* CellDeletionDelegateProtocol.swift */; };
		22FD53991FF1C1D400FB069E /* WorkoutSessionTableViewCellDelegateProtocol.swift in Sources */ = {isa = PBXBuildFile; fileRef = 22FD53981FF1C1D400FB069E /* WorkoutSessionTableViewCellDelegateProtocol.swift */; };
		22FD539B1FF1C26E00FB069E /* ExerciseHistoryEntryTableViewDelegateProtocol.swift in Sources */ = {isa = PBXBuildFile; fileRef = 22FD539A1FF1C26E00FB069E /* ExerciseHistoryEntryTableViewDelegateProtocol.swift */; };
		22FD539D1FF1C39600FB069E /* CreateWorkoutViewDelegateProtocol.swift in Sources */ = {isa = PBXBuildFile; fileRef = 22FD539C1FF1C39600FB069E /* CreateWorkoutViewDelegateProtocol.swift */; };
		22FD539F1FF1C3F800FB069E /* CreateExerciseViewDelegateProtocol.swift in Sources */ = {isa = PBXBuildFile; fileRef = 22FD539E1FF1C3F800FB069E /* CreateExerciseViewDelegateProtocol.swift */; };
		22FD53A11FF1C45500FB069E /* ExercisePickerDelegateProtocol.swift in Sources */ = {isa = PBXBuildFile; fileRef = 22FD53A01FF1C45500FB069E /* ExercisePickerDelegateProtocol.swift */; };
		987A120A06EF773208F02445 /* Pods_Lifting_Buddy.framework in Frameworks */ = {isa = PBXBuildFile; fileRef = CA29D0A3A1559E763A7B39DE /* Pods_Lifting_Buddy.framework */; };
/* End PBXBuildFile section */

/* Begin PBXFileReference section */
		07EAE38F8336E92D79D24030 /* Pods-Lifting Buddy.debug.xcconfig */ = {isa = PBXFileReference; includeInIndex = 1; lastKnownFileType = text.xcconfig; name = "Pods-Lifting Buddy.debug.xcconfig"; path = "Pods/Target Support Files/Pods-Lifting Buddy/Pods-Lifting Buddy.debug.xcconfig"; sourceTree = "<group>"; };
		2205A1CD2290535E00575BE3 /* ThemeHost.swift */ = {isa = PBXFileReference; lastKnownFileType = sourcecode.swift; path = ThemeHost.swift; sourceTree = "<group>"; };
		2205A1CF2290558F00575BE3 /* ThemeColorableView.swift */ = {isa = PBXFileReference; lastKnownFileType = sourcecode.swift; path = ThemeColorableView.swift; sourceTree = "<group>"; };
		2205A1D12290580400575BE3 /* WeakContainer.swift */ = {isa = PBXFileReference; lastKnownFileType = sourcecode.swift; path = WeakContainer.swift; sourceTree = "<group>"; };
		220A79C82028F12F000B4EA7 /* Message.swift */ = {isa = PBXFileReference; lastKnownFileType = sourcecode.swift; path = Message.swift; sourceTree = "<group>"; };
		220A79CB20291E0D000B4EA7 /* MessageView.swift */ = {isa = PBXFileReference; lastKnownFileType = sourcecode.swift; path = MessageView.swift; sourceTree = "<group>"; };
		220A94241F95146400B5CF60 /* ExerciseHistoryTableView.swift */ = {isa = PBXFileReference; lastKnownFileType = sourcecode.swift; path = ExerciseHistoryTableView.swift; sourceTree = "<group>"; };
		221BD44920E069C100D9EE71 /* InitialViewController.swift */ = {isa = PBXFileReference; lastKnownFileType = sourcecode.swift; path = InitialViewController.swift; sourceTree = "<group>"; };
		222AAA68202BD072006B58F4 /* MessageDisplayerProtocol.swift */ = {isa = PBXFileReference; lastKnownFileType = sourcecode.swift; path = MessageDisplayerProtocol.swift; sourceTree = "<group>"; };
		223590901F427D1A002BE0BF /* EditExerciseTableView.swift */ = {isa = PBXFileReference; fileEncoding = 4; lastKnownFileType = sourcecode.swift; path = EditExerciseTableView.swift; sourceTree = "<group>"; };
		223CF15F1FCC9C2F0093BBC7 /* Lifting-Buddy-Bridging-Header.h */ = {isa = PBXFileReference; lastKnownFileType = sourcecode.c.h; name = "Lifting-Buddy-Bridging-Header.h"; path = "Lifting Buddy/Lifting-Buddy-Bridging-Header.h"; sourceTree = "<group>"; };
		224153751F1EE12B00F7B82B /* Workout.swift */ = {isa = PBXFileReference; fileEncoding = 4; lastKnownFileType = sourcecode.swift; path = Workout.swift; sourceTree = "<group>"; };
		224153771F1EE1F000F7B82B /* Exercise.swift */ = {isa = PBXFileReference; fileEncoding = 4; lastKnownFileType = sourcecode.swift; path = Exercise.swift; sourceTree = "<group>"; };
		224697C21F19843A0089C7CA /* Lifting Buddy.app */ = {isa = PBXFileReference; explicitFileType = wrapper.application; includeInIndex = 0; path = "Lifting Buddy.app"; sourceTree = BUILT_PRODUCTS_DIR; };
		224697C51F19843A0089C7CA /* AppDelegate.swift */ = {isa = PBXFileReference; lastKnownFileType = sourcecode.swift; path = AppDelegate.swift; sourceTree = "<group>"; };
		224697C71F19843A0089C7CA /* MainViewController.swift */ = {isa = PBXFileReference; lastKnownFileType = sourcecode.swift; path = MainViewController.swift; sourceTree = "<group>"; };
		224697CA1F19843A0089C7CA /* Base */ = {isa = PBXFileReference; lastKnownFileType = file.storyboard; name = Base; path = Base.lproj/Main.storyboard; sourceTree = "<group>"; };
		224697CC1F19843A0089C7CA /* Assets.xcassets */ = {isa = PBXFileReference; lastKnownFileType = folder.assetcatalog; path = Assets.xcassets; sourceTree = "<group>"; };
		224697CF1F19843A0089C7CA /* Base */ = {isa = PBXFileReference; lastKnownFileType = file.storyboard; name = Base; path = Base.lproj/LaunchScreen.storyboard; sourceTree = "<group>"; };
		224697D11F19843A0089C7CA /* Info.plist */ = {isa = PBXFileReference; lastKnownFileType = text.plist.xml; path = Info.plist; sourceTree = "<group>"; };
		224697D71F19E8060089C7CA /* PrettyButton.swift */ = {isa = PBXFileReference; fileEncoding = 4; lastKnownFileType = sourcecode.swift; path = PrettyButton.swift; sourceTree = "<group>"; };
		2250CADF1FC2632C00B21C4A /* WorkoutSessionSummaryScreen.swift */ = {isa = PBXFileReference; lastKnownFileType = sourcecode.swift; path = WorkoutSessionSummaryScreen.swift; sourceTree = "<group>"; };
		22533B541F549B1500EE474E /* ProgressionMethod.swift */ = {isa = PBXFileReference; fileEncoding = 4; lastKnownFileType = sourcecode.swift; path = ProgressionMethod.swift; sourceTree = "<group>"; };
		2255BBA42005911000B051B0 /* SettingsContentView.swift */ = {isa = PBXFileReference; lastKnownFileType = sourcecode.swift; path = SettingsContentView.swift; sourceTree = "<group>"; };
		22578F90201D939C00D9E38C /* UITableViewScrollDelegate.swift */ = {isa = PBXFileReference; lastKnownFileType = sourcecode.swift; path = UITableViewScrollDelegate.swift; sourceTree = "<group>"; };
		225D26B51F76D6BA00F047D9 /* ToggleablePrettyButton.swift */ = {isa = PBXFileReference; lastKnownFileType = sourcecode.swift; path = ToggleablePrettyButton.swift; sourceTree = "<group>"; };
		225E65D11F22A041004B3AF4 /* WorkoutsView.swift */ = {isa = PBXFileReference; fileEncoding = 4; lastKnownFileType = sourcecode.swift; path = WorkoutsView.swift; sourceTree = "<group>"; };
		225E65D31F22A442004B3AF4 /* RLMSupport.swift */ = {isa = PBXFileReference; fileEncoding = 4; lastKnownFileType = sourcecode.swift; path = RLMSupport.swift; sourceTree = "<group>"; };
		22605DB31FAA8C5500FA3DAB /* ExercisesTableView.swift */ = {isa = PBXFileReference; lastKnownFileType = sourcecode.swift; path = ExercisesTableView.swift; sourceTree = "<group>"; };
		22605DB51FAA8CC200FA3DAB /* ExercisesTableViewCell.swift */ = {isa = PBXFileReference; lastKnownFileType = sourcecode.swift; path = ExercisesTableViewCell.swift; sourceTree = "<group>"; };
		2263DF971F8DA60E00592DCB /* TimeInputField.swift */ = {isa = PBXFileReference; lastKnownFileType = sourcecode.swift; path = TimeInputField.swift; sourceTree = "<group>"; };
		2267D4C9228DFC6B004165A7 /* LBNavigationController.swift */ = {isa = PBXFileReference; lastKnownFileType = sourcecode.swift; path = LBNavigationController.swift; sourceTree = "<group>"; };
		2267D4CB228DFD88004165A7 /* UIColorLBThemeExtension.swift */ = {isa = PBXFileReference; lastKnownFileType = sourcecode.swift; path = UIColorLBThemeExtension.swift; sourceTree = "<group>"; };
		2267D4CD228E001D004165A7 /* ThemeColorProvider.swift */ = {isa = PBXFileReference; lastKnownFileType = sourcecode.swift; path = ThemeColorProvider.swift; sourceTree = "<group>"; };
		2267D4CF228E00A7004165A7 /* ThemeColorVariant.swift */ = {isa = PBXFileReference; lastKnownFileType = sourcecode.swift; path = ThemeColorVariant.swift; sourceTree = "<group>"; };
		226B119D1F96DB250013139B /* BetterInputView.swift */ = {isa = PBXFileReference; lastKnownFileType = sourcecode.swift; path = BetterInputView.swift; sourceTree = "<group>"; };
		226B11A01F96E1750013139B /* InputViewProtocol.swift */ = {isa = PBXFileReference; lastKnownFileType = sourcecode.swift; path = InputViewProtocol.swift; sourceTree = "<group>"; };
		2278818C1FC6443000EBFA7E /* PrettySegmentedControl.swift */ = {isa = PBXFileReference; lastKnownFileType = sourcecode.swift; path = PrettySegmentedControl.swift; sourceTree = "<group>"; };
		2278818E1FC6627500EBFA7E /* ExerciseChartViewWithToggles.swift */ = {isa = PBXFileReference; lastKnownFileType = sourcecode.swift; path = ExerciseChartViewWithToggles.swift; sourceTree = "<group>"; };
		227981411F4D13BE0010DA18 /* ProgressionMethodsTableView.swift */ = {isa = PBXFileReference; fileEncoding = 4; lastKnownFileType = sourcecode.swift; path = ProgressionMethodsTableView.swift; sourceTree = "<group>"; };
		227981431F4D13F50010DA18 /* ProgressionMethodTableViewCell.swift */ = {isa = PBXFileReference; fileEncoding = 4; lastKnownFileType = sourcecode.swift; path = ProgressionMethodTableViewCell.swift; sourceTree = "<group>"; };
		2280A2FC1F9BB80F00F64AF1 /* ExerciseHistoryTableViewCell.swift */ = {isa = PBXFileReference; lastKnownFileType = sourcecode.swift; path = ExerciseHistoryTableViewCell.swift; sourceTree = "<group>"; };
		228315C91F857D23001C9324 /* BetterTextField.swift */ = {isa = PBXFileReference; lastKnownFileType = sourcecode.swift; path = BetterTextField.swift; sourceTree = "<group>"; };
		2289D4441FAF9B7700A2DF9D /* ExerciseChartCreator.swift */ = {isa = PBXFileReference; lastKnownFileType = sourcecode.swift; path = ExerciseChartCreator.swift; sourceTree = "<group>"; };
		228CBBDC202E704000884FE6 /* MessageQueue.swift */ = {isa = PBXFileReference; lastKnownFileType = sourcecode.swift; path = MessageQueue.swift; sourceTree = "<group>"; };
		228CD0A91FA6782700463B90 /* ExercisesView.swift */ = {isa = PBXFileReference; lastKnownFileType = sourcecode.swift; path = ExercisesView.swift; sourceTree = "<group>"; };
		229A9DCA201D52B600FACBA0 /* SetTableViewCellDelegate.swift */ = {isa = PBXFileReference; lastKnownFileType = sourcecode.swift; path = SetTableViewCellDelegate.swift; sourceTree = "<group>"; };
		229A9DCC201D546E00FACBA0 /* SetTableViewDelegate.swift */ = {isa = PBXFileReference; lastKnownFileType = sourcecode.swift; path = SetTableViewDelegate.swift; sourceTree = "<group>"; };
		229A9DCE201D5C1200FACBA0 /* Notifications.swift */ = {isa = PBXFileReference; lastKnownFileType = sourcecode.swift; path = Notifications.swift; sourceTree = "<group>"; };
		229D87011F65FC7400FF05DD /* WorkoutSessionTableView.swift */ = {isa = PBXFileReference; fileEncoding = 4; lastKnownFileType = sourcecode.swift; path = WorkoutSessionTableView.swift; sourceTree = "<group>"; };
		229D87031F65FC8200FF05DD /* WorkoutSessionTableViewCell.swift */ = {isa = PBXFileReference; fileEncoding = 4; lastKnownFileType = sourcecode.swift; path = WorkoutSessionTableViewCell.swift; sourceTree = "<group>"; };
		22A36A2E1F43A1F5000DCDBF /* EditExerciseTableViewCell.swift */ = {isa = PBXFileReference; fileEncoding = 4; lastKnownFileType = sourcecode.swift; path = EditExerciseTableViewCell.swift; sourceTree = "<group>"; };
		22A3F3EA1FACCC8E00BEAB97 /* TableViewOverlayProtocol.swift */ = {isa = PBXFileReference; lastKnownFileType = sourcecode.swift; path = TableViewOverlayProtocol.swift; sourceTree = "<group>"; };
		22AA6D111F21851400624744 /* HeaderView.swift */ = {isa = PBXFileReference; fileEncoding = 4; lastKnownFileType = sourcecode.swift; path = HeaderView.swift; sourceTree = "<group>"; };
		22AA6D131F218AD400624744 /* SectionView.swift */ = {isa = PBXFileReference; fileEncoding = 4; lastKnownFileType = sourcecode.swift; path = SectionView.swift; sourceTree = "<group>"; };
		22AD725D1FF2A00F008B35EE /* ExerciseHistoryView.swift */ = {isa = PBXFileReference; lastKnownFileType = sourcecode.swift; path = ExerciseHistoryView.swift; sourceTree = "<group>"; };
		22B944C32019590700585D65 /* SetTableView.swift */ = {isa = PBXFileReference; lastKnownFileType = sourcecode.swift; path = SetTableView.swift; sourceTree = "<group>"; };
		22B944C52019591300585D65 /* SetTableViewCell.swift */ = {isa = PBXFileReference; lastKnownFileType = sourcecode.swift; path = SetTableViewCell.swift; sourceTree = "<group>"; };
		22BC5AF31F3E5C2A00B150BD /* CreateWorkoutView.swift */ = {isa = PBXFileReference; fileEncoding = 4; lastKnownFileType = sourcecode.swift; path = CreateWorkoutView.swift; sourceTree = "<group>"; };
		22C3D5A22000578C00C15276 /* SettingsViewController.swift */ = {isa = PBXFileReference; lastKnownFileType = sourcecode.swift; path = SettingsViewController.swift; sourceTree = "<group>"; };
		22C3D5A520005C8400C15276 /* TopDownSegue.swift */ = {isa = PBXFileReference; lastKnownFileType = sourcecode.swift; path = TopDownSegue.swift; sourceTree = "<group>"; };
		22CAA88B1F4899E600F4F42B /* CreateExerciseView.swift */ = {isa = PBXFileReference; fileEncoding = 4; lastKnownFileType = sourcecode.swift; path = CreateExerciseView.swift; sourceTree = "<group>"; };
		22CDEFF31FC5EA8D000CB8C0 /* WorkoutSessionSummaryTableView.swift */ = {isa = PBXFileReference; lastKnownFileType = sourcecode.swift; path = WorkoutSessionSummaryTableView.swift; sourceTree = "<group>"; };
		22CDEFF51FC5EA9B000CB8C0 /* WorkoutSessionSummaryTableViewCell.swift */ = {isa = PBXFileReference; lastKnownFileType = sourcecode.swift; path = WorkoutSessionSummaryTableViewCell.swift; sourceTree = "<group>"; };
		22DA60621FB56523009013D7 /* ShowViewProtocol.swift */ = {isa = PBXFileReference; lastKnownFileType = sourcecode.swift; path = ShowViewProtocol.swift; sourceTree = "<group>"; };
		22E77E051F1B35310076B3DB /* HelperFunctions.swift */ = {isa = PBXFileReference; fileEncoding = 4; lastKnownFileType = sourcecode.swift; path = HelperFunctions.swift; sourceTree = "<group>"; };
		22EC7FD01F5E01ED00A1E66B /* WorkoutTableView.swift */ = {isa = PBXFileReference; fileEncoding = 4; lastKnownFileType = sourcecode.swift; path = WorkoutTableView.swift; sourceTree = "<group>"; };
		22EC7FD21F5E01FE00A1E66B /* WorkoutTableViewCell.swift */ = {isa = PBXFileReference; fileEncoding = 4; lastKnownFileType = sourcecode.swift; path = WorkoutTableViewCell.swift; sourceTree = "<group>"; };
		22ECE3931F644E1A0067171A /* WorkoutSessionView.swift */ = {isa = PBXFileReference; fileEncoding = 4; lastKnownFileType = sourcecode.swift; path = WorkoutSessionView.swift; sourceTree = "<group>"; };
		22F030131FF01B7500C5E376 /* LabelWithPrettyButtonView.swift */ = {isa = PBXFileReference; lastKnownFileType = sourcecode.swift; path = LabelWithPrettyButtonView.swift; sourceTree = "<group>"; };
		22F5511E2290795600CDFC68 /* LICENSE */ = {isa = PBXFileReference; fileEncoding = 4; lastKnownFileType = text; path = LICENSE; sourceTree = "<group>"; };
		22F5511F2290795600CDFC68 /* HPReorderTableView.h */ = {isa = PBXFileReference; fileEncoding = 4; lastKnownFileType = sourcecode.c.h; path = HPReorderTableView.h; sourceTree = "<group>"; };
		22F551202290795600CDFC68 /* README.md */ = {isa = PBXFileReference; fileEncoding = 4; lastKnownFileType = net.daringfireball.markdown; path = README.md; sourceTree = "<group>"; };
		22F551212290795600CDFC68 /* .gitignore */ = {isa = PBXFileReference; fileEncoding = 4; lastKnownFileType = text; path = .gitignore; sourceTree = "<group>"; };
		22F551222290795600CDFC68 /* HPReorderTableView.m */ = {isa = PBXFileReference; fileEncoding = 4; lastKnownFileType = sourcecode.c.objc; path = HPReorderTableView.m; sourceTree = "<group>"; };
		22F551232290795600CDFC68 /* .travis.yml */ = {isa = PBXFileReference; fileEncoding = 4; lastKnownFileType = text; path = .travis.yml; sourceTree = "<group>"; };
		22FAD5041FF406E200C42811 /* SessionInfo.swift */ = {isa = PBXFileReference; lastKnownFileType = sourcecode.swift; path = SessionInfo.swift; sourceTree = "<group>"; };
		22FD260020085444000D1B4C /* Localizable.strings */ = {isa = PBXFileReference; lastKnownFileType = text.plist.strings; path = Localizable.strings; sourceTree = "<group>"; };
		22FD538E1FF1BEE800FB069E /* ExerciseDisplayerProtocol.swift */ = {isa = PBXFileReference; lastKnownFileType = sourcecode.swift; path = ExerciseDisplayerProtocol.swift; sourceTree = "<group>"; };
		22FD53901FF1BF2500FB069E /* WorkoutSessionStarterProtocol.swift */ = {isa = PBXFileReference; lastKnownFileType = sourcecode.swift; path = WorkoutSessionStarterProtocol.swift; sourceTree = "<group>"; };
		22FD53921FF1C07100FB069E /* PrettySegmentedControlDelegateProtocol.swift */ = {isa = PBXFileReference; lastKnownFileType = sourcecode.swift; path = PrettySegmentedControlDelegateProtocol.swift; sourceTree = "<group>"; };
		22FD53941FF1C0D900FB069E /* WorkoutSessionTableViewDelegateProtocol.swift */ = {isa = PBXFileReference; lastKnownFileType = sourcecode.swift; path = WorkoutSessionTableViewDelegateProtocol.swift; sourceTree = "<group>"; };
		22FD53961FF1C19F00FB069E /* CellDeletionDelegateProtocol.swift */ = {isa = PBXFileReference; lastKnownFileType = sourcecode.swift; path = CellDeletionDelegateProtocol.swift; sourceTree = "<group>"; };
		22FD53981FF1C1D400FB069E /* WorkoutSessionTableViewCellDelegateProtocol.swift */ = {isa = PBXFileReference; lastKnownFileType = sourcecode.swift; path = WorkoutSessionTableViewCellDelegateProtocol.swift; sourceTree = "<group>"; };
		22FD539A1FF1C26E00FB069E /* ExerciseHistoryEntryTableViewDelegateProtocol.swift */ = {isa = PBXFileReference; lastKnownFileType = sourcecode.swift; path = ExerciseHistoryEntryTableViewDelegateProtocol.swift; sourceTree = "<group>"; };
		22FD539C1FF1C39600FB069E /* CreateWorkoutViewDelegateProtocol.swift */ = {isa = PBXFileReference; lastKnownFileType = sourcecode.swift; path = CreateWorkoutViewDelegateProtocol.swift; sourceTree = "<group>"; };
		22FD539E1FF1C3F800FB069E /* CreateExerciseViewDelegateProtocol.swift */ = {isa = PBXFileReference; lastKnownFileType = sourcecode.swift; path = CreateExerciseViewDelegateProtocol.swift; sourceTree = "<group>"; };
		22FD53A01FF1C45500FB069E /* ExercisePickerDelegateProtocol.swift */ = {isa = PBXFileReference; lastKnownFileType = sourcecode.swift; path = ExercisePickerDelegateProtocol.swift; sourceTree = "<group>"; };
		C522BD41578E9EFDC2DF9433 /* Pods-Lifting Buddy.release.xcconfig */ = {isa = PBXFileReference; includeInIndex = 1; lastKnownFileType = text.xcconfig; name = "Pods-Lifting Buddy.release.xcconfig"; path = "Pods/Target Support Files/Pods-Lifting Buddy/Pods-Lifting Buddy.release.xcconfig"; sourceTree = "<group>"; };
		CA29D0A3A1559E763A7B39DE /* Pods_Lifting_Buddy.framework */ = {isa = PBXFileReference; explicitFileType = wrapper.framework; includeInIndex = 0; path = Pods_Lifting_Buddy.framework; sourceTree = BUILT_PRODUCTS_DIR; };
/* End PBXFileReference section */

/* Begin PBXFrameworksBuildPhase section */
		224697BF1F19843A0089C7CA /* Frameworks */ = {
			isa = PBXFrameworksBuildPhase;
			buildActionMask = 2147483647;
			files = (
				987A120A06EF773208F02445 /* Pods_Lifting_Buddy.framework in Frameworks */,
			);
			runOnlyForDeploymentPostprocessing = 0;
		};
/* End PBXFrameworksBuildPhase section */

/* Begin PBXGroup section */
		2205A2812290750B00575BE3 /* Old */ = {
			isa = PBXGroup;
			children = (
				22F5511C2290795600CDFC68 /* Externals */,
				224697C51F19843A0089C7CA /* AppDelegate.swift */,
				22AA6D0F1F2184A400624744 /* View Controllers */,
				225D44101F510FD700B35D80 /* Custom UITypes */,
				22AA6D0E1F21847F00624744 /* Content Views */,
				224153791F1EE2C500F7B82B /* Workout Classes */,
				220A79CA20291CF2000B4EA7 /* Messages */,
				22AA6D101F2184BD00624744 /* Miscellaneous */,
				225E65D51F22A446004B3AF4 /* Supporting Files */,
			);
			path = Old;
			sourceTree = "<group>";
		};
		220A79CA20291CF2000B4EA7 /* Messages */ = {
			isa = PBXGroup;
			children = (
				220A79C82028F12F000B4EA7 /* Message.swift */,
				220A79CB20291E0D000B4EA7 /* MessageView.swift */,
				228CBBDC202E704000884FE6 /* MessageQueue.swift */,
			);
			name = Messages;
			sourceTree = "<group>";
		};
		224153791F1EE2C500F7B82B /* Workout Classes */ = {
			isa = PBXGroup;
			children = (
				224153751F1EE12B00F7B82B /* Workout.swift */,
				224153771F1EE1F000F7B82B /* Exercise.swift */,
				22533B541F549B1500EE474E /* ProgressionMethod.swift */,
			);
			name = "Workout Classes";
			sourceTree = "<group>";
		};
		224697B91F19843A0089C7CA = {
			isa = PBXGroup;
			children = (
				2205A1D12290580400575BE3 /* WeakContainer.swift */,
				2205A1CF2290558F00575BE3 /* ThemeColorableView.swift */,
				2205A1CD2290535E00575BE3 /* ThemeHost.swift */,
				2267D4CF228E00A7004165A7 /* ThemeColorVariant.swift */,
				2267D4CD228E001D004165A7 /* ThemeColorProvider.swift */,
				2267D4CB228DFD88004165A7 /* UIColorLBThemeExtension.swift */,
				2267D4C9228DFC6B004165A7 /* LBNavigationController.swift */,
				223CF15F1FCC9C2F0093BBC7 /* Lifting-Buddy-Bridging-Header.h */,
				224697C41F19843A0089C7CA /* Lifting Buddy */,
				224697C31F19843A0089C7CA /* Products */,
				DA15027B3E5B3207682F7681 /* Pods */,
				83E4B382E04A5660340B4E74 /* Frameworks */,
			);
			sourceTree = "<group>";
		};
		224697C31F19843A0089C7CA /* Products */ = {
			isa = PBXGroup;
			children = (
				224697C21F19843A0089C7CA /* Lifting Buddy.app */,
			);
			name = Products;
			sourceTree = "<group>";
		};
		224697C41F19843A0089C7CA /* Lifting Buddy */ = {
			isa = PBXGroup;
			children = (
				2205A2812290750B00575BE3 /* Old */,
				224697C91F19843A0089C7CA /* Main.storyboard */,
				224697CC1F19843A0089C7CA /* Assets.xcassets */,
				224697CE1F19843A0089C7CA /* LaunchScreen.storyboard */,
				224697D11F19843A0089C7CA /* Info.plist */,
			);
			path = "Lifting Buddy";
			sourceTree = "<group>";
		};
		224C21501FC8B0DD00BD2FBF /* Edit Exercise */ = {
			isa = PBXGroup;
			children = (
				22CAA88B1F4899E600F4F42B /* CreateExerciseView.swift */,
				227981411F4D13BE0010DA18 /* ProgressionMethodsTableView.swift */,
				227981431F4D13F50010DA18 /* ProgressionMethodTableViewCell.swift */,
			);
			name = "Edit Exercise";
			sourceTree = "<group>";
		};
		2255BBA3200590FC00B051B0 /* Settings View */ = {
			isa = PBXGroup;
			children = (
				2255BBA42005911000B051B0 /* SettingsContentView.swift */,
			);
			name = "Settings View";
			sourceTree = "<group>";
		};
		225D44101F510FD700B35D80 /* Custom UITypes */ = {
			isa = PBXGroup;
			children = (
				22C3D5A420005C7800C15276 /* Segue */,
				22FD538D1FF1BEA800FB069E /* Protocols */,
				226B119D1F96DB250013139B /* BetterInputView.swift */,
				228315C91F857D23001C9324 /* BetterTextField.swift */,
				22AA6D111F21851400624744 /* HeaderView.swift */,
				224697D71F19E8060089C7CA /* PrettyButton.swift */,
				2278818C1FC6443000EBFA7E /* PrettySegmentedControl.swift */,
				22AA6D131F218AD400624744 /* SectionView.swift */,
				2263DF971F8DA60E00592DCB /* TimeInputField.swift */,
				225D26B51F76D6BA00F047D9 /* ToggleablePrettyButton.swift */,
				2278818E1FC6627500EBFA7E /* ExerciseChartViewWithToggles.swift */,
				22F030131FF01B7500C5E376 /* LabelWithPrettyButtonView.swift */,
			);
			name = "Custom UITypes";
			sourceTree = "<group>";
		};
		225E65D51F22A446004B3AF4 /* Supporting Files */ = {
			isa = PBXGroup;
			children = (
				225E65D31F22A442004B3AF4 /* RLMSupport.swift */,
				22FD260020085444000D1B4C /* Localizable.strings */,
			);
			name = "Supporting Files";
			sourceTree = "<group>";
		};
		228CD0A81FA6780700463B90 /* Exercises Tab */ = {
			isa = PBXGroup;
			children = (
				228CD0A91FA6782700463B90 /* ExercisesView.swift */,
				22605DB31FAA8C5500FA3DAB /* ExercisesTableView.swift */,
				22605DB51FAA8CC200FA3DAB /* ExercisesTableViewCell.swift */,
			);
			name = "Exercises Tab";
			sourceTree = "<group>";
		};
		229D87051F65FC9E00FF05DD /* Session Tab */ = {
			isa = PBXGroup;
			children = (
				22CDEFF21FC5EA74000CB8C0 /* Summary Screen */,
				22ECE3931F644E1A0067171A /* WorkoutSessionView.swift */,
				229D87011F65FC7400FF05DD /* WorkoutSessionTableView.swift */,
				229D87031F65FC8200FF05DD /* WorkoutSessionTableViewCell.swift */,
				22B944C32019590700585D65 /* SetTableView.swift */,
				22B944C52019591300585D65 /* SetTableViewCell.swift */,
			);
			name = "Session Tab";
			sourceTree = "<group>";
		};
		229D87061F65FCAC00FF05DD /* Workouts Tab */ = {
			isa = PBXGroup;
			children = (
				225E65D11F22A041004B3AF4 /* WorkoutsView.swift */,
				22EC7FD01F5E01ED00A1E66B /* WorkoutTableView.swift */,
				22EC7FD21F5E01FE00A1E66B /* WorkoutTableViewCell.swift */,
			);
			name = "Workouts Tab";
			sourceTree = "<group>";
		};
		229D87071F65FCB700FF05DD /* Edit Workout */ = {
			isa = PBXGroup;
			children = (
				22BC5AF31F3E5C2A00B150BD /* CreateWorkoutView.swift */,
				223590901F427D1A002BE0BF /* EditExerciseTableView.swift */,
				22A36A2E1F43A1F5000DCDBF /* EditExerciseTableViewCell.swift */,
			);
			name = "Edit Workout";
			sourceTree = "<group>";
		};
		22AA6D0E1F21847F00624744 /* Content Views */ = {
			isa = PBXGroup;
			children = (
				2255BBA3200590FC00B051B0 /* Settings View */,
				229D87051F65FC9E00FF05DD /* Session Tab */,
				229D87061F65FCAC00FF05DD /* Workouts Tab */,
				229D87071F65FCB700FF05DD /* Edit Workout */,
				228CD0A81FA6780700463B90 /* Exercises Tab */,
				224C21501FC8B0DD00BD2FBF /* Edit Exercise */,
				22AD725C1FF29FC8008B35EE /* Exercise History View */,
			);
			name = "Content Views";
			sourceTree = "<group>";
		};
		22AA6D0F1F2184A400624744 /* View Controllers */ = {
			isa = PBXGroup;
			children = (
				224697C71F19843A0089C7CA /* MainViewController.swift */,
				22C3D5A22000578C00C15276 /* SettingsViewController.swift */,
				221BD44920E069C100D9EE71 /* InitialViewController.swift */,
			);
			name = "View Controllers";
			sourceTree = "<group>";
		};
		22AA6D101F2184BD00624744 /* Miscellaneous */ = {
			isa = PBXGroup;
			children = (
				2289D4441FAF9B7700A2DF9D /* ExerciseChartCreator.swift */,
				22E77E051F1B35310076B3DB /* HelperFunctions.swift */,
				22FAD5041FF406E200C42811 /* SessionInfo.swift */,
				229A9DCE201D5C1200FACBA0 /* Notifications.swift */,
			);
			name = Miscellaneous;
			sourceTree = "<group>";
		};
		22AD725C1FF29FC8008B35EE /* Exercise History View */ = {
			isa = PBXGroup;
			children = (
				22AD725D1FF2A00F008B35EE /* ExerciseHistoryView.swift */,
				220A94241F95146400B5CF60 /* ExerciseHistoryTableView.swift */,
				2280A2FC1F9BB80F00F64AF1 /* ExerciseHistoryTableViewCell.swift */,
			);
			name = "Exercise History View";
			sourceTree = "<group>";
		};
		22C3D5A420005C7800C15276 /* Segue */ = {
			isa = PBXGroup;
			children = (
				22C3D5A520005C8400C15276 /* TopDownSegue.swift */,
			);
			name = Segue;
			sourceTree = "<group>";
		};
		22CDEFF21FC5EA74000CB8C0 /* Summary Screen */ = {
			isa = PBXGroup;
			children = (
				2250CADF1FC2632C00B21C4A /* WorkoutSessionSummaryScreen.swift */,
				22CDEFF31FC5EA8D000CB8C0 /* WorkoutSessionSummaryTableView.swift */,
				22CDEFF51FC5EA9B000CB8C0 /* WorkoutSessionSummaryTableViewCell.swift */,
			);
			name = "Summary Screen";
			sourceTree = "<group>";
		};
		22F5511C2290795600CDFC68 /* Externals */ = {
			isa = PBXGroup;
			children = (
				22F5511D2290795600CDFC68 /* HPReorderTableView */,
			);
			path = Externals;
			sourceTree = "<group>";
		};
		22F5511D2290795600CDFC68 /* HPReorderTableView */ = {
			isa = PBXGroup;
			children = (
				22F5511E2290795600CDFC68 /* LICENSE */,
				22F5511F2290795600CDFC68 /* HPReorderTableView.h */,
				22F551202290795600CDFC68 /* README.md */,
				22F551212290795600CDFC68 /* .gitignore */,
				22F551222290795600CDFC68 /* HPReorderTableView.m */,
				22F551232290795600CDFC68 /* .travis.yml */,
			);
			path = HPReorderTableView;
			sourceTree = "<group>";
		};
		22FD538D1FF1BEA800FB069E /* Protocols */ = {
			isa = PBXGroup;
			children = (
				22FD53961FF1C19F00FB069E /* CellDeletionDelegateProtocol.swift */,
				22FD539E1FF1C3F800FB069E /* CreateExerciseViewDelegateProtocol.swift */,
				22FD539C1FF1C39600FB069E /* CreateWorkoutViewDelegateProtocol.swift */,
				22FD538E1FF1BEE800FB069E /* ExerciseDisplayerProtocol.swift */,
				22FD539A1FF1C26E00FB069E /* ExerciseHistoryEntryTableViewDelegateProtocol.swift */,
				22FD53A01FF1C45500FB069E /* ExercisePickerDelegateProtocol.swift */,
				226B11A01F96E1750013139B /* InputViewProtocol.swift */,
				22FD53921FF1C07100FB069E /* PrettySegmentedControlDelegateProtocol.swift */,
				22578F90201D939C00D9E38C /* UITableViewScrollDelegate.swift */,
				229A9DCC201D546E00FACBA0 /* SetTableViewDelegate.swift */,
				229A9DCA201D52B600FACBA0 /* SetTableViewCellDelegate.swift */,
				22DA60621FB56523009013D7 /* ShowViewProtocol.swift */,
				22A3F3EA1FACCC8E00BEAB97 /* TableViewOverlayProtocol.swift */,
				22FD53901FF1BF2500FB069E /* WorkoutSessionStarterProtocol.swift */,
				22FD53941FF1C0D900FB069E /* WorkoutSessionTableViewDelegateProtocol.swift */,
				22FD53981FF1C1D400FB069E /* WorkoutSessionTableViewCellDelegateProtocol.swift */,
				222AAA68202BD072006B58F4 /* MessageDisplayerProtocol.swift */,
			);
			name = Protocols;
			sourceTree = "<group>";
		};
		83E4B382E04A5660340B4E74 /* Frameworks */ = {
			isa = PBXGroup;
			children = (
				CA29D0A3A1559E763A7B39DE /* Pods_Lifting_Buddy.framework */,
			);
			name = Frameworks;
			sourceTree = "<group>";
		};
		DA15027B3E5B3207682F7681 /* Pods */ = {
			isa = PBXGroup;
			children = (
				07EAE38F8336E92D79D24030 /* Pods-Lifting Buddy.debug.xcconfig */,
				C522BD41578E9EFDC2DF9433 /* Pods-Lifting Buddy.release.xcconfig */,
			);
			name = Pods;
			sourceTree = "<group>";
		};
/* End PBXGroup section */

/* Begin PBXNativeTarget section */
		224697C11F19843A0089C7CA /* Lifting Buddy */ = {
			isa = PBXNativeTarget;
			buildConfigurationList = 224697D41F19843A0089C7CA /* Build configuration list for PBXNativeTarget "Lifting Buddy" */;
			buildPhases = (
				BDEB6EB96B6F3D7F21B7282D /* [CP] Check Pods Manifest.lock */,
				224697BE1F19843A0089C7CA /* Sources */,
				224697BF1F19843A0089C7CA /* Frameworks */,
				224697C01F19843A0089C7CA /* Resources */,
				82EDE6CD537593C891258292 /* [CP] Embed Pods Frameworks */,
			);
			buildRules = (
			);
			dependencies = (
			);
			name = "Lifting Buddy";
			productName = "Lifting Buddy";
			productReference = 224697C21F19843A0089C7CA /* Lifting Buddy.app */;
			productType = "com.apple.product-type.application";
		};
/* End PBXNativeTarget section */

/* Begin PBXProject section */
		224697BA1F19843A0089C7CA /* Project object */ = {
			isa = PBXProject;
			attributes = {
				LastSwiftUpdateCheck = 0830;
				LastUpgradeCheck = 0900;
				ORGANIZATIONNAME = "Christopher Perkins";
				TargetAttributes = {
					224697C11F19843A0089C7CA = {
						CreatedOnToolsVersion = 8.3.3;
						DevelopmentTeam = DB8SUTA9JU;
						LastSwiftMigration = 0900;
						ProvisioningStyle = Automatic;
					};
				};
			};
			buildConfigurationList = 224697BD1F19843A0089C7CA /* Build configuration list for PBXProject "Lifting Buddy" */;
			compatibilityVersion = "Xcode 3.2";
			developmentRegion = English;
			hasScannedForEncodings = 0;
			knownRegions = (
				English,
				en,
				Base,
			);
			mainGroup = 224697B91F19843A0089C7CA;
			productRefGroup = 224697C31F19843A0089C7CA /* Products */;
			projectDirPath = "";
			projectRoot = "";
			targets = (
				224697C11F19843A0089C7CA /* Lifting Buddy */,
			);
		};
/* End PBXProject section */

/* Begin PBXResourcesBuildPhase section */
		224697C01F19843A0089C7CA /* Resources */ = {
			isa = PBXResourcesBuildPhase;
			buildActionMask = 2147483647;
			files = (
				22F551252290795600CDFC68 /* README.md in Resources */,
				22F551262290795600CDFC68 /* .gitignore in Resources */,
				22F551282290795600CDFC68 /* .travis.yml in Resources */,
				224697D01F19843A0089C7CA /* LaunchScreen.storyboard in Resources */,
				224697CD1F19843A0089C7CA /* Assets.xcassets in Resources */,
				22FD260120085444000D1B4C /* Localizable.strings in Resources */,
				224697CB1F19843A0089C7CA /* Main.storyboard in Resources */,
				22F551242290795600CDFC68 /* LICENSE in Resources */,
			);
			runOnlyForDeploymentPostprocessing = 0;
		};
/* End PBXResourcesBuildPhase section */

/* Begin PBXShellScriptBuildPhase section */
		82EDE6CD537593C891258292 /* [CP] Embed Pods Frameworks */ = {
			isa = PBXShellScriptBuildPhase;
			buildActionMask = 2147483647;
			files = (
			);
			inputPaths = (
				"${PODS_ROOT}/Target Support Files/Pods-Lifting Buddy/Pods-Lifting Buddy-frameworks.sh",
				"${BUILT_PRODUCTS_DIR}/CDAlertView/CDAlertView.framework",
				"${BUILT_PRODUCTS_DIR}/ClingConstraints/ClingConstraints.framework",
				"${BUILT_PRODUCTS_DIR}/GBVersionTracking/GBVersionTracking.framework",
				"${BUILT_PRODUCTS_DIR}/IQKeyboardManagerSwift/IQKeyboardManagerSwift.framework",
				"${BUILT_PRODUCTS_DIR}/Realm/Realm.framework",
				"${BUILT_PRODUCTS_DIR}/RealmSwift/RealmSwift.framework",
				"${BUILT_PRODUCTS_DIR}/SwiftCharts/SwiftCharts.framework",
			);
			name = "[CP] Embed Pods Frameworks";
			outputPaths = (
				"${TARGET_BUILD_DIR}/${FRAMEWORKS_FOLDER_PATH}/CDAlertView.framework",
				"${TARGET_BUILD_DIR}/${FRAMEWORKS_FOLDER_PATH}/ClingConstraints.framework",
				"${TARGET_BUILD_DIR}/${FRAMEWORKS_FOLDER_PATH}/GBVersionTracking.framework",
				"${TARGET_BUILD_DIR}/${FRAMEWORKS_FOLDER_PATH}/IQKeyboardManagerSwift.framework",
				"${TARGET_BUILD_DIR}/${FRAMEWORKS_FOLDER_PATH}/Realm.framework",
				"${TARGET_BUILD_DIR}/${FRAMEWORKS_FOLDER_PATH}/RealmSwift.framework",
				"${TARGET_BUILD_DIR}/${FRAMEWORKS_FOLDER_PATH}/SwiftCharts.framework",
			);
			runOnlyForDeploymentPostprocessing = 0;
			shellPath = /bin/sh;
			shellScript = "\"${PODS_ROOT}/Target Support Files/Pods-Lifting Buddy/Pods-Lifting Buddy-frameworks.sh\"\n";
			showEnvVarsInLog = 0;
		};
		BDEB6EB96B6F3D7F21B7282D /* [CP] Check Pods Manifest.lock */ = {
			isa = PBXShellScriptBuildPhase;
			buildActionMask = 2147483647;
			files = (
			);
			inputPaths = (
				"${PODS_PODFILE_DIR_PATH}/Podfile.lock",
				"${PODS_ROOT}/Manifest.lock",
			);
			name = "[CP] Check Pods Manifest.lock";
			outputPaths = (
				"$(DERIVED_FILE_DIR)/Pods-Lifting Buddy-checkManifestLockResult.txt",
			);
			runOnlyForDeploymentPostprocessing = 0;
			shellPath = /bin/sh;
			shellScript = "diff \"${PODS_PODFILE_DIR_PATH}/Podfile.lock\" \"${PODS_ROOT}/Manifest.lock\" > /dev/null\nif [ $? != 0 ] ; then\n    # print error to STDERR\n    echo \"error: The sandbox is not in sync with the Podfile.lock. Run 'pod install' or update your CocoaPods installation.\" >&2\n    exit 1\nfi\n# This output is used by Xcode 'outputs' to avoid re-running this script phase.\necho \"SUCCESS\" > \"${SCRIPT_OUTPUT_FILE_0}\"\n";
			showEnvVarsInLog = 0;
		};
/* End PBXShellScriptBuildPhase section */

/* Begin PBXSourcesBuildPhase section */
		224697BE1F19843A0089C7CA /* Sources */ = {
			isa = PBXSourcesBuildPhase;
			buildActionMask = 2147483647;
			files = (
				228CBBDD202E704000884FE6 /* MessageQueue.swift in Sources */,
				2267D4CE228E001D004165A7 /* ThemeColorProvider.swift in Sources */,
				22FD539B1FF1C26E00FB069E /* ExerciseHistoryEntryTableViewDelegateProtocol.swift in Sources */,
				22B944C42019590700585D65 /* SetTableView.swift in Sources */,
				22E77E061F1B35310076B3DB /* HelperFunctions.swift in Sources */,
				227981421F4D13BE0010DA18 /* ProgressionMethodsTableView.swift in Sources */,
				2250CAE01FC2632C00B21C4A /* WorkoutSessionSummaryScreen.swift in Sources */,
				220A79CC20291E0D000B4EA7 /* MessageView.swift in Sources */,
				22ECE3941F644E1A0067171A /* WorkoutSessionView.swift in Sources */,
				2267D4CA228DFC6B004165A7 /* LBNavigationController.swift in Sources */,
				22EC7FD11F5E01ED00A1E66B /* WorkoutTableView.swift in Sources */,
				2280A2FD1F9BB80F00F64AF1 /* ExerciseHistoryTableViewCell.swift in Sources */,
				22F030141FF01B7500C5E376 /* LabelWithPrettyButtonView.swift in Sources */,
				22C3D5A620005C8400C15276 /* TopDownSegue.swift in Sources */,
				224697C81F19843A0089C7CA /* MainViewController.swift in Sources */,
				22F551272290795600CDFC68 /* HPReorderTableView.m in Sources */,
				2205A1D02290558F00575BE3 /* ThemeColorableView.swift in Sources */,
				22B944C62019591300585D65 /* SetTableViewCell.swift in Sources */,
				22CAA88C1F4899E600F4F42B /* CreateExerciseView.swift in Sources */,
				2289D4451FAF9B7700A2DF9D /* ExerciseChartCreator.swift in Sources */,
				229A9DCB201D52B600FACBA0 /* SetTableViewCellDelegate.swift in Sources */,
				2278818F1FC6627500EBFA7E /* ExerciseChartViewWithToggles.swift in Sources */,
				229D87021F65FC7400FF05DD /* WorkoutSessionTableView.swift in Sources */,
				22FD539D1FF1C39600FB069E /* CreateWorkoutViewDelegateProtocol.swift in Sources */,
				22FD538F1FF1BEE800FB069E /* ExerciseDisplayerProtocol.swift in Sources */,
				22CDEFF61FC5EA9B000CB8C0 /* WorkoutSessionSummaryTableViewCell.swift in Sources */,
				22AD725E1FF2A00F008B35EE /* ExerciseHistoryView.swift in Sources */,
				220A79C92028F12F000B4EA7 /* Message.swift in Sources */,
				22FD53951FF1C0D900FB069E /* WorkoutSessionTableViewDelegateProtocol.swift in Sources */,
				226B119E1F96DB250013139B /* BetterInputView.swift in Sources */,
				22FD53931FF1C07100FB069E /* PrettySegmentedControlDelegateProtocol.swift in Sources */,
				224697D81F19E8060089C7CA /* PrettyButton.swift in Sources */,
				22605DB41FAA8C5500FA3DAB /* ExercisesTableView.swift in Sources */,
				2267D4D0228E00A7004165A7 /* ThemeColorVariant.swift in Sources */,
				229A9DCD201D546E00FACBA0 /* SetTableViewDelegate.swift in Sources */,
				22C3D5A32000578C00C15276 /* SettingsViewController.swift in Sources */,
				224153761F1EE12B00F7B82B /* Workout.swift in Sources */,
				227981441F4D13F50010DA18 /* ProgressionMethodTableViewCell.swift in Sources */,
				2255BBA52005911000B051B0 /* SettingsContentView.swift in Sources */,
				22FD53971FF1C19F00FB069E /* CellDeletionDelegateProtocol.swift in Sources */,
				221BD44A20E069C100D9EE71 /* InitialViewController.swift in Sources */,
				225E65D21F22A041004B3AF4 /* WorkoutsView.swift in Sources */,
				22A3F3EB1FACCC8E00BEAB97 /* TableViewOverlayProtocol.swift in Sources */,
				22A36A2F1F43A1F5000DCDBF /* EditExerciseTableViewCell.swift in Sources */,
				22AA6D141F218AD400624744 /* SectionView.swift in Sources */,
				2278818D1FC6443000EBFA7E /* PrettySegmentedControl.swift in Sources */,
				22FD53A11FF1C45500FB069E /* ExercisePickerDelegateProtocol.swift in Sources */,
				228315CA1F857D23001C9324 /* BetterTextField.swift in Sources */,
				22605DB61FAA8CC200FA3DAB /* ExercisesTableViewCell.swift in Sources */,
				224697C61F19843A0089C7CA /* AppDelegate.swift in Sources */,
				225E65D41F22A442004B3AF4 /* RLMSupport.swift in Sources */,
				22DA60631FB56523009013D7 /* ShowViewProtocol.swift in Sources */,
				2205A1CE2290535E00575BE3 /* ThemeHost.swift in Sources */,
				22FD53911FF1BF2500FB069E /* WorkoutSessionStarterProtocol.swift in Sources */,
				22FD53991FF1C1D400FB069E /* WorkoutSessionTableViewCellDelegateProtocol.swift in Sources */,
				220A94251F95146400B5CF60 /* ExerciseHistoryTableView.swift in Sources */,
				223590911F427D1A002BE0BF /* EditExerciseTableView.swift in Sources */,
				228CD0AA1FA6782700463B90 /* ExercisesView.swift in Sources */,
				2267D4CC228DFD88004165A7 /* UIColorLBThemeExtension.swift in Sources */,
				22EC7FD31F5E01FE00A1E66B /* WorkoutTableViewCell.swift in Sources */,
				224153781F1EE1F000F7B82B /* Exercise.swift in Sources */,
				22BC5AF41F3E5C2A00B150BD /* CreateWorkoutView.swift in Sources */,
				22533B551F549B1500EE474E /* ProgressionMethod.swift in Sources */,
				2263DF981F8DA60E00592DCB /* TimeInputField.swift in Sources */,
				229D87041F65FC8200FF05DD /* WorkoutSessionTableViewCell.swift in Sources */,
				2205A1D22290580400575BE3 /* WeakContainer.swift in Sources */,
				22AA6D121F21851400624744 /* HeaderView.swift in Sources */,
				22FD539F1FF1C3F800FB069E /* CreateExerciseViewDelegateProtocol.swift in Sources */,
				22578F91201D939C00D9E38C /* UITableViewScrollDelegate.swift in Sources */,
				229A9DCF201D5C1200FACBA0 /* Notifications.swift in Sources */,
				225D26B61F76D6BA00F047D9 /* ToggleablePrettyButton.swift in Sources */,
				22CDEFF41FC5EA8D000CB8C0 /* WorkoutSessionSummaryTableView.swift in Sources */,
				226B11A11F96E1750013139B /* InputViewProtocol.swift in Sources */,
				222AAA69202BD072006B58F4 /* MessageDisplayerProtocol.swift in Sources */,
				22FAD5051FF406E200C42811 /* SessionInfo.swift in Sources */,
			);
			runOnlyForDeploymentPostprocessing = 0;
		};
/* End PBXSourcesBuildPhase section */

/* Begin PBXVariantGroup section */
		224697C91F19843A0089C7CA /* Main.storyboard */ = {
			isa = PBXVariantGroup;
			children = (
				224697CA1F19843A0089C7CA /* Base */,
			);
			name = Main.storyboard;
			sourceTree = "<group>";
		};
		224697CE1F19843A0089C7CA /* LaunchScreen.storyboard */ = {
			isa = PBXVariantGroup;
			children = (
				224697CF1F19843A0089C7CA /* Base */,
			);
			name = LaunchScreen.storyboard;
			sourceTree = "<group>";
		};
/* End PBXVariantGroup section */

/* Begin XCBuildConfiguration section */
		224697D21F19843A0089C7CA /* Debug */ = {
			isa = XCBuildConfiguration;
			buildSettings = {
				ALWAYS_SEARCH_USER_PATHS = NO;
				CLANG_ANALYZER_NONNULL = YES;
				CLANG_ANALYZER_NUMBER_OBJECT_CONVERSION = YES_AGGRESSIVE;
				CLANG_CXX_LANGUAGE_STANDARD = "gnu++0x";
				CLANG_CXX_LIBRARY = "libc++";
				CLANG_ENABLE_MODULES = YES;
				CLANG_ENABLE_OBJC_ARC = YES;
				CLANG_WARN_BLOCK_CAPTURE_AUTORELEASING = YES;
				CLANG_WARN_BOOL_CONVERSION = YES;
				CLANG_WARN_COMMA = YES;
				CLANG_WARN_CONSTANT_CONVERSION = YES;
				CLANG_WARN_DIRECT_OBJC_ISA_USAGE = YES_ERROR;
				CLANG_WARN_DOCUMENTATION_COMMENTS = YES;
				CLANG_WARN_EMPTY_BODY = YES;
				CLANG_WARN_ENUM_CONVERSION = YES;
				CLANG_WARN_INFINITE_RECURSION = YES;
				CLANG_WARN_INT_CONVERSION = YES;
				CLANG_WARN_NON_LITERAL_NULL_CONVERSION = YES;
				CLANG_WARN_OBJC_LITERAL_CONVERSION = YES;
				CLANG_WARN_OBJC_ROOT_CLASS = YES_ERROR;
				CLANG_WARN_RANGE_LOOP_ANALYSIS = YES;
				CLANG_WARN_STRICT_PROTOTYPES = YES;
				CLANG_WARN_SUSPICIOUS_MOVE = YES;
				CLANG_WARN_UNREACHABLE_CODE = YES;
				CLANG_WARN__DUPLICATE_METHOD_MATCH = YES;
				"CODE_SIGN_IDENTITY[sdk=iphoneos*]" = "iPhone Developer";
				COPY_PHASE_STRIP = NO;
				DEBUG_INFORMATION_FORMAT = dwarf;
				ENABLE_STRICT_OBJC_MSGSEND = YES;
				ENABLE_TESTABILITY = YES;
				GCC_C_LANGUAGE_STANDARD = gnu99;
				GCC_DYNAMIC_NO_PIC = NO;
				GCC_NO_COMMON_BLOCKS = YES;
				GCC_OPTIMIZATION_LEVEL = 0;
				GCC_PREPROCESSOR_DEFINITIONS = (
					"DEBUG=1",
					"$(inherited)",
				);
				GCC_WARN_64_TO_32_BIT_CONVERSION = YES;
				GCC_WARN_ABOUT_RETURN_TYPE = YES_ERROR;
				GCC_WARN_UNDECLARED_SELECTOR = YES;
				GCC_WARN_UNINITIALIZED_AUTOS = YES_AGGRESSIVE;
				GCC_WARN_UNUSED_FUNCTION = YES;
				GCC_WARN_UNUSED_VARIABLE = YES;
				IPHONEOS_DEPLOYMENT_TARGET = 10.3;
				MTL_ENABLE_DEBUG_INFO = YES;
				ONLY_ACTIVE_ARCH = YES;
				SDKROOT = iphoneos;
				SWIFT_ACTIVE_COMPILATION_CONDITIONS = DEBUG;
				SWIFT_OPTIMIZATION_LEVEL = "-Onone";
			};
			name = Debug;
		};
		224697D31F19843A0089C7CA /* Release */ = {
			isa = XCBuildConfiguration;
			buildSettings = {
				ALWAYS_SEARCH_USER_PATHS = NO;
				CLANG_ANALYZER_NONNULL = YES;
				CLANG_ANALYZER_NUMBER_OBJECT_CONVERSION = YES_AGGRESSIVE;
				CLANG_CXX_LANGUAGE_STANDARD = "gnu++0x";
				CLANG_CXX_LIBRARY = "libc++";
				CLANG_ENABLE_MODULES = YES;
				CLANG_ENABLE_OBJC_ARC = YES;
				CLANG_WARN_BLOCK_CAPTURE_AUTORELEASING = YES;
				CLANG_WARN_BOOL_CONVERSION = YES;
				CLANG_WARN_COMMA = YES;
				CLANG_WARN_CONSTANT_CONVERSION = YES;
				CLANG_WARN_DIRECT_OBJC_ISA_USAGE = YES_ERROR;
				CLANG_WARN_DOCUMENTATION_COMMENTS = YES;
				CLANG_WARN_EMPTY_BODY = YES;
				CLANG_WARN_ENUM_CONVERSION = YES;
				CLANG_WARN_INFINITE_RECURSION = YES;
				CLANG_WARN_INT_CONVERSION = YES;
				CLANG_WARN_NON_LITERAL_NULL_CONVERSION = YES;
				CLANG_WARN_OBJC_LITERAL_CONVERSION = YES;
				CLANG_WARN_OBJC_ROOT_CLASS = YES_ERROR;
				CLANG_WARN_RANGE_LOOP_ANALYSIS = YES;
				CLANG_WARN_STRICT_PROTOTYPES = YES;
				CLANG_WARN_SUSPICIOUS_MOVE = YES;
				CLANG_WARN_UNREACHABLE_CODE = YES;
				CLANG_WARN__DUPLICATE_METHOD_MATCH = YES;
				"CODE_SIGN_IDENTITY[sdk=iphoneos*]" = "iPhone Developer";
				COPY_PHASE_STRIP = NO;
				DEBUG_INFORMATION_FORMAT = "dwarf-with-dsym";
				ENABLE_NS_ASSERTIONS = NO;
				ENABLE_STRICT_OBJC_MSGSEND = YES;
				GCC_C_LANGUAGE_STANDARD = gnu99;
				GCC_NO_COMMON_BLOCKS = YES;
				GCC_WARN_64_TO_32_BIT_CONVERSION = YES;
				GCC_WARN_ABOUT_RETURN_TYPE = YES_ERROR;
				GCC_WARN_UNDECLARED_SELECTOR = YES;
				GCC_WARN_UNINITIALIZED_AUTOS = YES_AGGRESSIVE;
				GCC_WARN_UNUSED_FUNCTION = YES;
				GCC_WARN_UNUSED_VARIABLE = YES;
				IPHONEOS_DEPLOYMENT_TARGET = 10.3;
				MTL_ENABLE_DEBUG_INFO = NO;
				SDKROOT = iphoneos;
				SWIFT_OPTIMIZATION_LEVEL = "-Owholemodule";
				VALIDATE_PRODUCT = YES;
			};
			name = Release;
		};
		224697D51F19843A0089C7CA /* Debug */ = {
			isa = XCBuildConfiguration;
			baseConfigurationReference = 07EAE38F8336E92D79D24030 /* Pods-Lifting Buddy.debug.xcconfig */;
			buildSettings = {
				ASSETCATALOG_COMPILER_APPICON_NAME = AppIcon;
				CODE_SIGN_IDENTITY = "iPhone Developer";
				"CODE_SIGN_IDENTITY[sdk=iphoneos*]" = "iPhone Developer";
				CODE_SIGN_STYLE = Automatic;
				DEFINES_MODULE = YES;
				DEVELOPMENT_TEAM = DB8SUTA9JU;
				INFOPLIST_FILE = "Lifting Buddy/Info.plist";
				IPHONEOS_DEPLOYMENT_TARGET = 10.3;
				LD_RUNPATH_SEARCH_PATHS = "$(inherited) @executable_path/Frameworks";
				PRODUCT_BUNDLE_IDENTIFIER = "com.ChrisPerkins.Lifting-Buddy";
				PRODUCT_NAME = "$(TARGET_NAME)";
				PROVISIONING_PROFILE = "";
				PROVISIONING_PROFILE_SPECIFIER = "";
				SWIFT_OBJC_BRIDGING_HEADER = "$(PROJECT_DIR)/Lifting Buddy/Lifting-Buddy-Bridging-Header.h";
				SWIFT_SWIFT3_OBJC_INFERENCE = On;
				SWIFT_VERSION = 4.2;
				TARGETED_DEVICE_FAMILY = 1;
			};
			name = Debug;
		};
		224697D61F19843A0089C7CA /* Release */ = {
			isa = XCBuildConfiguration;
			baseConfigurationReference = C522BD41578E9EFDC2DF9433 /* Pods-Lifting Buddy.release.xcconfig */;
			buildSettings = {
				ASSETCATALOG_COMPILER_APPICON_NAME = AppIcon;
				CODE_SIGN_IDENTITY = "iPhone Developer";
				"CODE_SIGN_IDENTITY[sdk=iphoneos*]" = "iPhone Developer";
				CODE_SIGN_STYLE = Automatic;
				DEFINES_MODULE = YES;
				DEVELOPMENT_TEAM = DB8SUTA9JU;
				INFOPLIST_FILE = "Lifting Buddy/Info.plist";
				IPHONEOS_DEPLOYMENT_TARGET = 10.3;
				LD_RUNPATH_SEARCH_PATHS = "$(inherited) @executable_path/Frameworks";
				PRODUCT_BUNDLE_IDENTIFIER = "com.ChrisPerkins.Lifting-Buddy";
				PRODUCT_NAME = "$(TARGET_NAME)";
				PROVISIONING_PROFILE = "";
				PROVISIONING_PROFILE_SPECIFIER = "";
				SWIFT_OBJC_BRIDGING_HEADER = "$(PROJECT_DIR)/Lifting Buddy/Lifting-Buddy-Bridging-Header.h";
				SWIFT_SWIFT3_OBJC_INFERENCE = On;
				SWIFT_VERSION = 4.2;
				TARGETED_DEVICE_FAMILY = 1;
			};
			name = Release;
		};
/* End XCBuildConfiguration section */

/* Begin XCConfigurationList section */
		224697BD1F19843A0089C7CA /* Build configuration list for PBXProject "Lifting Buddy" */ = {
			isa = XCConfigurationList;
			buildConfigurations = (
				224697D21F19843A0089C7CA /* Debug */,
				224697D31F19843A0089C7CA /* Release */,
			);
			defaultConfigurationIsVisible = 0;
			defaultConfigurationName = Release;
		};
		224697D41F19843A0089C7CA /* Build configuration list for PBXNativeTarget "Lifting Buddy" */ = {
			isa = XCConfigurationList;
			buildConfigurations = (
				224697D51F19843A0089C7CA /* Debug */,
				224697D61F19843A0089C7CA /* Release */,
			);
			defaultConfigurationIsVisible = 0;
			defaultConfigurationName = Release;
		};
/* End XCConfigurationList section */
	};
	rootObject = 224697BA1F19843A0089C7CA /* Project object */;
}
